// !$*UTF8*$!
{
	archiveVersion = 1;
	classes = {
	};
	objectVersion = 50;
	objects = {

/* Begin PBXBuildFile section */
		CD3E4F8724236B43001406E5 /* AppDelegate.swift in Sources */ = {isa = PBXBuildFile; fileRef = CD3E4F8624236B43001406E5 /* AppDelegate.swift */; };
		CD3E4F8924236B43001406E5 /* SceneDelegate.swift in Sources */ = {isa = PBXBuildFile; fileRef = CD3E4F8824236B43001406E5 /* SceneDelegate.swift */; };
		CD3E4F8B24236B43001406E5 /* ContentView.swift in Sources */ = {isa = PBXBuildFile; fileRef = CD3E4F8A24236B43001406E5 /* ContentView.swift */; };
		CD3E4F8D24236B44001406E5 /* Assets.xcassets in Resources */ = {isa = PBXBuildFile; fileRef = CD3E4F8C24236B44001406E5 /* Assets.xcassets */; };
		CD3E4F9024236B44001406E5 /* Preview Assets.xcassets in Resources */ = {isa = PBXBuildFile; fileRef = CD3E4F8F24236B44001406E5 /* Preview Assets.xcassets */; };
		CD3E4F9324236B44001406E5 /* LaunchScreen.storyboard in Resources */ = {isa = PBXBuildFile; fileRef = CD3E4F9124236B44001406E5 /* LaunchScreen.storyboard */; };
		CD3E4F9E24236B44001406E5 /* SwiftUI_d4_SupportingTypesTests.swift in Sources */ = {isa = PBXBuildFile; fileRef = CD3E4F9D24236B44001406E5 /* SwiftUI_d4_SupportingTypesTests.swift */; };
		CD3E4FA924236BFB001406E5 /* LocalizedView.swift in Sources */ = {isa = PBXBuildFile; fileRef = CD3E4FA824236BFB001406E5 /* LocalizedView.swift */; };
		CD3E4FAC24236CD1001406E5 /* Localizable.strings in Resources */ = {isa = PBXBuildFile; fileRef = CD3E4FAE24236CD1001406E5 /* Localizable.strings */; };
		CD3E4FB22423714E001406E5 /* ViewBuilderExample.swift in Sources */ = {isa = PBXBuildFile; fileRef = CD3E4FB12423714E001406E5 /* ViewBuilderExample.swift */; };
/* End PBXBuildFile section */

/* Begin PBXContainerItemProxy section */
		CD3E4F9A24236B44001406E5 /* PBXContainerItemProxy */ = {
			isa = PBXContainerItemProxy;
			containerPortal = CD3E4F7B24236B43001406E5 /* Project object */;
			proxyType = 1;
			remoteGlobalIDString = CD3E4F8224236B43001406E5;
			remoteInfo = "SwiftUI-d4-SupportingTypes";
		};
/* End PBXContainerItemProxy section */

/* Begin PBXFileReference section */
		CD3E4F8324236B43001406E5 /* SwiftUI-d4-SupportingTypes.app */ = {isa = PBXFileReference; explicitFileType = wrapper.application; includeInIndex = 0; path = "SwiftUI-d4-SupportingTypes.app"; sourceTree = BUILT_PRODUCTS_DIR; };
		CD3E4F8624236B43001406E5 /* AppDelegate.swift */ = {isa = PBXFileReference; lastKnownFileType = sourcecode.swift; path = AppDelegate.swift; sourceTree = "<group>"; };
		CD3E4F8824236B43001406E5 /* SceneDelegate.swift */ = {isa = PBXFileReference; lastKnownFileType = sourcecode.swift; path = SceneDelegate.swift; sourceTree = "<group>"; };
		CD3E4F8A24236B43001406E5 /* ContentView.swift */ = {isa = PBXFileReference; lastKnownFileType = sourcecode.swift; path = ContentView.swift; sourceTree = "<group>"; };
		CD3E4F8C24236B44001406E5 /* Assets.xcassets */ = {isa = PBXFileReference; lastKnownFileType = folder.assetcatalog; path = Assets.xcassets; sourceTree = "<group>"; };
		CD3E4F8F24236B44001406E5 /* Preview Assets.xcassets */ = {isa = PBXFileReference; lastKnownFileType = folder.assetcatalog; path = "Preview Assets.xcassets"; sourceTree = "<group>"; };
		CD3E4F9224236B44001406E5 /* Base */ = {isa = PBXFileReference; lastKnownFileType = file.storyboard; name = Base; path = Base.lproj/LaunchScreen.storyboard; sourceTree = "<group>"; };
		CD3E4F9424236B44001406E5 /* Info.plist */ = {isa = PBXFileReference; lastKnownFileType = text.plist.xml; path = Info.plist; sourceTree = "<group>"; };
		CD3E4F9924236B44001406E5 /* SwiftUI-d4-SupportingTypesTests.xctest */ = {isa = PBXFileReference; explicitFileType = wrapper.cfbundle; includeInIndex = 0; path = "SwiftUI-d4-SupportingTypesTests.xctest"; sourceTree = BUILT_PRODUCTS_DIR; };
		CD3E4F9D24236B44001406E5 /* SwiftUI_d4_SupportingTypesTests.swift */ = {isa = PBXFileReference; lastKnownFileType = sourcecode.swift; path = SwiftUI_d4_SupportingTypesTests.swift; sourceTree = "<group>"; };
		CD3E4F9F24236B44001406E5 /* Info.plist */ = {isa = PBXFileReference; lastKnownFileType = text.plist.xml; path = Info.plist; sourceTree = "<group>"; };
		CD3E4FA824236BFB001406E5 /* LocalizedView.swift */ = {isa = PBXFileReference; lastKnownFileType = sourcecode.swift; path = LocalizedView.swift; sourceTree = "<group>"; };
		CD3E4FAD24236CD1001406E5 /* en */ = {isa = PBXFileReference; lastKnownFileType = text.plist.strings; name = en; path = en.lproj/Localizable.strings; sourceTree = "<group>"; };
		CD3E4FAF24236CDE001406E5 /* zh-Hans */ = {isa = PBXFileReference; lastKnownFileType = text.plist.strings; name = "zh-Hans"; path = "zh-Hans.lproj/LaunchScreen.strings"; sourceTree = "<group>"; };
		CD3E4FB024236CDE001406E5 /* zh-Hans */ = {isa = PBXFileReference; lastKnownFileType = text.plist.strings; name = "zh-Hans"; path = "zh-Hans.lproj/Localizable.strings"; sourceTree = "<group>"; };
		CD3E4FB12423714E001406E5 /* ViewBuilderExample.swift */ = {isa = PBXFileReference; lastKnownFileType = sourcecode.swift; path = ViewBuilderExample.swift; sourceTree = "<group>"; };
/* End PBXFileReference section */

/* Begin PBXFrameworksBuildPhase section */
		CD3E4F8024236B43001406E5 /* Frameworks */ = {
			isa = PBXFrameworksBuildPhase;
			buildActionMask = 2147483647;
			files = (
			);
			runOnlyForDeploymentPostprocessing = 0;
		};
		CD3E4F9624236B44001406E5 /* Frameworks */ = {
			isa = PBXFrameworksBuildPhase;
			buildActionMask = 2147483647;
			files = (
			);
			runOnlyForDeploymentPostprocessing = 0;
		};
/* End PBXFrameworksBuildPhase section */

/* Begin PBXGroup section */
		CD3E4F7A24236B43001406E5 = {
			isa = PBXGroup;
			children = (
				CD3E4F8524236B43001406E5 /* SwiftUI-d4-SupportingTypes */,
				CD3E4F9C24236B44001406E5 /* SwiftUI-d4-SupportingTypesTests */,
				CD3E4F8424236B43001406E5 /* Products */,
			);
			sourceTree = "<group>";
		};
		CD3E4F8424236B43001406E5 /* Products */ = {
			isa = PBXGroup;
			children = (
				CD3E4F8324236B43001406E5 /* SwiftUI-d4-SupportingTypes.app */,
				CD3E4F9924236B44001406E5 /* SwiftUI-d4-SupportingTypesTests.xctest */,
			);
			name = Products;
			sourceTree = "<group>";
		};
		CD3E4F8524236B43001406E5 /* SwiftUI-d4-SupportingTypes */ = {
			isa = PBXGroup;
			children = (
				CD3E4F8624236B43001406E5 /* AppDelegate.swift */,
				CD3E4F8824236B43001406E5 /* SceneDelegate.swift */,
				CD3E4F8A24236B43001406E5 /* ContentView.swift */,
				CD3E4F8C24236B44001406E5 /* Assets.xcassets */,
				CD3E4F9124236B44001406E5 /* LaunchScreen.storyboard */,
				CD3E4F9424236B44001406E5 /* Info.plist */,
				CD3E4F8E24236B44001406E5 /* Preview Content */,
				CD3E4FA824236BFB001406E5 /* LocalizedView.swift */,
				CD3E4FB12423714E001406E5 /* ViewBuilderExample.swift */,
				CD3E4FAE24236CD1001406E5 /* Localizable.strings */,
			);
			path = "SwiftUI-d4-SupportingTypes";
			sourceTree = "<group>";
		};
		CD3E4F8E24236B44001406E5 /* Preview Content */ = {
			isa = PBXGroup;
			children = (
				CD3E4F8F24236B44001406E5 /* Preview Assets.xcassets */,
			);
			path = "Preview Content";
			sourceTree = "<group>";
		};
		CD3E4F9C24236B44001406E5 /* SwiftUI-d4-SupportingTypesTests */ = {
			isa = PBXGroup;
			children = (
				CD3E4F9D24236B44001406E5 /* SwiftUI_d4_SupportingTypesTests.swift */,
				CD3E4F9F24236B44001406E5 /* Info.plist */,
			);
			path = "SwiftUI-d4-SupportingTypesTests";
			sourceTree = "<group>";
		};
/* End PBXGroup section */

/* Begin PBXNativeTarget section */
		CD3E4F8224236B43001406E5 /* SwiftUI-d4-SupportingTypes */ = {
			isa = PBXNativeTarget;
			buildConfigurationList = CD3E4FA224236B44001406E5 /* Build configuration list for PBXNativeTarget "SwiftUI-d4-SupportingTypes" */;
			buildPhases = (
				CD3E4F7F24236B43001406E5 /* Sources */,
				CD3E4F8024236B43001406E5 /* Frameworks */,
				CD3E4F8124236B43001406E5 /* Resources */,
			);
			buildRules = (
			);
			dependencies = (
			);
			name = "SwiftUI-d4-SupportingTypes";
			productName = "SwiftUI-d4-SupportingTypes";
			productReference = CD3E4F8324236B43001406E5 /* SwiftUI-d4-SupportingTypes.app */;
			productType = "com.apple.product-type.application";
		};
		CD3E4F9824236B44001406E5 /* SwiftUI-d4-SupportingTypesTests */ = {
			isa = PBXNativeTarget;
			buildConfigurationList = CD3E4FA524236B44001406E5 /* Build configuration list for PBXNativeTarget "SwiftUI-d4-SupportingTypesTests" */;
			buildPhases = (
				CD3E4F9524236B44001406E5 /* Sources */,
				CD3E4F9624236B44001406E5 /* Frameworks */,
				CD3E4F9724236B44001406E5 /* Resources */,
			);
			buildRules = (
			);
			dependencies = (
				CD3E4F9B24236B44001406E5 /* PBXTargetDependency */,
			);
			name = "SwiftUI-d4-SupportingTypesTests";
			productName = "SwiftUI-d4-SupportingTypesTests";
			productReference = CD3E4F9924236B44001406E5 /* SwiftUI-d4-SupportingTypesTests.xctest */;
			productType = "com.apple.product-type.bundle.unit-test";
		};
/* End PBXNativeTarget section */

/* Begin PBXProject section */
		CD3E4F7B24236B43001406E5 /* Project object */ = {
			isa = PBXProject;
			attributes = {
				LastSwiftUpdateCheck = 1120;
				LastUpgradeCheck = 1120;
				ORGANIZATIONNAME = pq;
				TargetAttributes = {
					CD3E4F8224236B43001406E5 = {
						CreatedOnToolsVersion = 11.2.1;
					};
					CD3E4F9824236B44001406E5 = {
						CreatedOnToolsVersion = 11.2.1;
						TestTargetID = CD3E4F8224236B43001406E5;
					};
				};
			};
			buildConfigurationList = CD3E4F7E24236B43001406E5 /* Build configuration list for PBXProject "SwiftUI-d4-SupportingTypes" */;
			compatibilityVersion = "Xcode 9.3";
			developmentRegion = en;
			hasScannedForEncodings = 0;
			knownRegions = (
				en,
				Base,
				"zh-Hans",
			);
			mainGroup = CD3E4F7A24236B43001406E5;
			productRefGroup = CD3E4F8424236B43001406E5 /* Products */;
			projectDirPath = "";
			projectRoot = "";
			targets = (
				CD3E4F8224236B43001406E5 /* SwiftUI-d4-SupportingTypes */,
				CD3E4F9824236B44001406E5 /* SwiftUI-d4-SupportingTypesTests */,
			);
		};
/* End PBXProject section */

/* Begin PBXResourcesBuildPhase section */
		CD3E4F8124236B43001406E5 /* Resources */ = {
			isa = PBXResourcesBuildPhase;
			buildActionMask = 2147483647;
			files = (
				CD3E4F9324236B44001406E5 /* LaunchScreen.storyboard in Resources */,
				CD3E4FAC24236CD1001406E5 /* Localizable.strings in Resources */,
				CD3E4F9024236B44001406E5 /* Preview Assets.xcassets in Resources */,
				CD3E4F8D24236B44001406E5 /* Assets.xcassets in Resources */,
			);
			runOnlyForDeploymentPostprocessing = 0;
		};
		CD3E4F9724236B44001406E5 /* Resources */ = {
			isa = PBXResourcesBuildPhase;
			buildActionMask = 2147483647;
			files = (
			);
			runOnlyForDeploymentPostprocessing = 0;
		};
/* End PBXResourcesBuildPhase section */

/* Begin PBXSourcesBuildPhase section */
		CD3E4F7F24236B43001406E5 /* Sources */ = {
			isa = PBXSourcesBuildPhase;
			buildActionMask = 2147483647;
			files = (
				CD3E4FA924236BFB001406E5 /* LocalizedView.swift in Sources */,
				CD3E4FB22423714E001406E5 /* ViewBuilderExample.swift in Sources */,
				CD3E4F8724236B43001406E5 /* AppDelegate.swift in Sources */,
				CD3E4F8924236B43001406E5 /* SceneDelegate.swift in Sources */,
				CD3E4F8B24236B43001406E5 /* ContentView.swift in Sources */,
			);
			runOnlyForDeploymentPostprocessing = 0;
		};
		CD3E4F9524236B44001406E5 /* Sources */ = {
			isa = PBXSourcesBuildPhase;
			buildActionMask = 2147483647;
			files = (
				CD3E4F9E24236B44001406E5 /* SwiftUI_d4_SupportingTypesTests.swift in Sources */,
			);
			runOnlyForDeploymentPostprocessing = 0;
		};
/* End PBXSourcesBuildPhase section */

/* Begin PBXTargetDependency section */
		CD3E4F9B24236B44001406E5 /* PBXTargetDependency */ = {
			isa = PBXTargetDependency;
			target = CD3E4F8224236B43001406E5 /* SwiftUI-d4-SupportingTypes */;
			targetProxy = CD3E4F9A24236B44001406E5 /* PBXContainerItemProxy */;
		};
/* End PBXTargetDependency section */

/* Begin PBXVariantGroup section */
		CD3E4F9124236B44001406E5 /* LaunchScreen.storyboard */ = {
			isa = PBXVariantGroup;
			children = (
				CD3E4F9224236B44001406E5 /* Base */,
				CD3E4FAF24236CDE001406E5 /* zh-Hans */,
			);
			name = LaunchScreen.storyboard;
			sourceTree = "<group>";
		};
		CD3E4FAE24236CD1001406E5 /* Localizable.strings */ = {
			isa = PBXVariantGroup;
			children = (
				CD3E4FAD24236CD1001406E5 /* en */,
				CD3E4FB024236CDE001406E5 /* zh-Hans */,
			);
			name = Localizable.strings;
			sourceTree = "<group>";
		};
/* End PBXVariantGroup section */

/* Begin XCBuildConfiguration section */
		CD3E4FA024236B44001406E5 /* Debug */ = {
			isa = XCBuildConfiguration;
			buildSettings = {
				ALWAYS_SEARCH_USER_PATHS = NO;
				CLANG_ANALYZER_LOCALIZABILITY_NONLOCALIZED = YES;
				CLANG_ANALYZER_NONNULL = YES;
				CLANG_ANALYZER_NUMBER_OBJECT_CONVERSION = YES_AGGRESSIVE;
				CLANG_CXX_LANGUAGE_STANDARD = "gnu++14";
				CLANG_CXX_LIBRARY = "libc++";
				CLANG_ENABLE_MODULES = YES;
				CLANG_ENABLE_OBJC_ARC = YES;
				CLANG_ENABLE_OBJC_WEAK = YES;
				CLANG_WARN_BLOCK_CAPTURE_AUTORELEASING = YES;
				CLANG_WARN_BOOL_CONVERSION = YES;
				CLANG_WARN_COMMA = YES;
				CLANG_WARN_CONSTANT_CONVERSION = YES;
				CLANG_WARN_DEPRECATED_OBJC_IMPLEMENTATIONS = YES;
				CLANG_WARN_DIRECT_OBJC_ISA_USAGE = YES_ERROR;
				CLANG_WARN_DOCUMENTATION_COMMENTS = YES;
				CLANG_WARN_EMPTY_BODY = YES;
				CLANG_WARN_ENUM_CONVERSION = YES;
				CLANG_WARN_INFINITE_RECURSION = YES;
				CLANG_WARN_INT_CONVERSION = YES;
				CLANG_WARN_NON_LITERAL_NULL_CONVERSION = YES;
				CLANG_WARN_OBJC_IMPLICIT_RETAIN_SELF = YES;
				CLANG_WARN_OBJC_LITERAL_CONVERSION = YES;
				CLANG_WARN_OBJC_ROOT_CLASS = YES_ERROR;
				CLANG_WARN_RANGE_LOOP_ANALYSIS = YES;
				CLANG_WARN_STRICT_PROTOTYPES = YES;
				CLANG_WARN_SUSPICIOUS_MOVE = YES;
				CLANG_WARN_UNGUARDED_AVAILABILITY = YES_AGGRESSIVE;
				CLANG_WARN_UNREACHABLE_CODE = YES;
				CLANG_WARN__DUPLICATE_METHOD_MATCH = YES;
				COPY_PHASE_STRIP = NO;
				DEBUG_INFORMATION_FORMAT = dwarf;
				ENABLE_STRICT_OBJC_MSGSEND = YES;
				ENABLE_TESTABILITY = YES;
				GCC_C_LANGUAGE_STANDARD = gnu11;
				GCC_DYNAMIC_NO_PIC = NO;
				GCC_NO_COMMON_BLOCKS = YES;
				GCC_OPTIMIZATION_LEVEL = 0;
				GCC_PREPROCESSOR_DEFINITIONS = (
					"DEBUG=1",
					"$(inherited)",
				);
				GCC_WARN_64_TO_32_BIT_CONVERSION = YES;
				GCC_WARN_ABOUT_RETURN_TYPE = YES_ERROR;
				GCC_WARN_UNDECLARED_SELECTOR = YES;
				GCC_WARN_UNINITIALIZED_AUTOS = YES_AGGRESSIVE;
				GCC_WARN_UNUSED_FUNCTION = YES;
				GCC_WARN_UNUSED_VARIABLE = YES;
				IPHONEOS_DEPLOYMENT_TARGET = 13.2;
				MTL_ENABLE_DEBUG_INFO = INCLUDE_SOURCE;
				MTL_FAST_MATH = YES;
				ONLY_ACTIVE_ARCH = YES;
				SDKROOT = iphoneos;
				SWIFT_ACTIVE_COMPILATION_CONDITIONS = DEBUG;
				SWIFT_OPTIMIZATION_LEVEL = "-Onone";
			};
			name = Debug;
		};
		CD3E4FA124236B44001406E5 /* Release */ = {
			isa = XCBuildConfiguration;
			buildSettings = {
				ALWAYS_SEARCH_USER_PATHS = NO;
				CLANG_ANALYZER_LOCALIZABILITY_NONLOCALIZED = YES;
				CLANG_ANALYZER_NONNULL = YES;
				CLANG_ANALYZER_NUMBER_OBJECT_CONVERSION = YES_AGGRESSIVE;
				CLANG_CXX_LANGUAGE_STANDARD = "gnu++14";
				CLANG_CXX_LIBRARY = "libc++";
				CLANG_ENABLE_MODULES = YES;
				CLANG_ENABLE_OBJC_ARC = YES;
				CLANG_ENABLE_OBJC_WEAK = YES;
				CLANG_WARN_BLOCK_CAPTURE_AUTORELEASING = YES;
				CLANG_WARN_BOOL_CONVERSION = YES;
				CLANG_WARN_COMMA = YES;
				CLANG_WARN_CONSTANT_CONVERSION = YES;
				CLANG_WARN_DEPRECATED_OBJC_IMPLEMENTATIONS = YES;
				CLANG_WARN_DIRECT_OBJC_ISA_USAGE = YES_ERROR;
				CLANG_WARN_DOCUMENTATION_COMMENTS = YES;
				CLANG_WARN_EMPTY_BODY = YES;
				CLANG_WARN_ENUM_CONVERSION = YES;
				CLANG_WARN_INFINITE_RECURSION = YES;
				CLANG_WARN_INT_CONVERSION = YES;
				CLANG_WARN_NON_LITERAL_NULL_CONVERSION = YES;
				CLANG_WARN_OBJC_IMPLICIT_RETAIN_SELF = YES;
				CLANG_WARN_OBJC_LITERAL_CONVERSION = YES;
				CLANG_WARN_OBJC_ROOT_CLASS = YES_ERROR;
				CLANG_WARN_RANGE_LOOP_ANALYSIS = YES;
				CLANG_WARN_STRICT_PROTOTYPES = YES;
				CLANG_WARN_SUSPICIOUS_MOVE = YES;
				CLANG_WARN_UNGUARDED_AVAILABILITY = YES_AGGRESSIVE;
				CLANG_WARN_UNREACHABLE_CODE = YES;
				CLANG_WARN__DUPLICATE_METHOD_MATCH = YES;
				COPY_PHASE_STRIP = NO;
				DEBUG_INFORMATION_FORMAT = "dwarf-with-dsym";
				ENABLE_NS_ASSERTIONS = NO;
				ENABLE_STRICT_OBJC_MSGSEND = YES;
				GCC_C_LANGUAGE_STANDARD = gnu11;
				GCC_NO_COMMON_BLOCKS = YES;
				GCC_WARN_64_TO_32_BIT_CONVERSION = YES;
				GCC_WARN_ABOUT_RETURN_TYPE = YES_ERROR;
				GCC_WARN_UNDECLARED_SELECTOR = YES;
				GCC_WARN_UNINITIALIZED_AUTOS = YES_AGGRESSIVE;
				GCC_WARN_UNUSED_FUNCTION = YES;
				GCC_WARN_UNUSED_VARIABLE = YES;
				IPHONEOS_DEPLOYMENT_TARGET = 13.2;
				MTL_ENABLE_DEBUG_INFO = NO;
				MTL_FAST_MATH = YES;
				SDKROOT = iphoneos;
				SWIFT_COMPILATION_MODE = wholemodule;
				SWIFT_OPTIMIZATION_LEVEL = "-O";
				VALIDATE_PRODUCT = YES;
			};
			name = Release;
		};
		CD3E4FA324236B44001406E5 /* Debug */ = {
			isa = XCBuildConfiguration;
			buildSettings = {
				ASSETCATALOG_COMPILER_APPICON_NAME = AppIcon;
				CODE_SIGN_STYLE = Automatic;
				DEVELOPMENT_ASSET_PATHS = "\"SwiftUI-d4-SupportingTypes/Preview Content\"";
				DEVELOPMENT_TEAM = LZ5TGFY9AN;
				ENABLE_PREVIEWS = YES;
				INFOPLIST_FILE = "SwiftUI-d4-SupportingTypes/Info.plist";
				LD_RUNPATH_SEARCH_PATHS = (
					"$(inherited)",
					"@executable_path/Frameworks",
				);
				PRODUCT_BUNDLE_IDENTIFIER = "pq.SwiftUI-d4-SupportingTypes";
				PRODUCT_NAME = "$(TARGET_NAME)";
				SWIFT_VERSION = 5.0;
				TARGETED_DEVICE_FAMILY = "1,2";
			};
			name = Debug;
		};
		CD3E4FA424236B44001406E5 /* Release */ = {
			isa = XCBuildConfiguration;
			buildSettings = {
				ASSETCATALOG_COMPILER_APPICON_NAME = AppIcon;
				CODE_SIGN_STYLE = Automatic;
				DEVELOPMENT_ASSET_PATHS = "\"SwiftUI-d4-SupportingTypes/Preview Content\"";
				DEVELOPMENT_TEAM = LZ5TGFY9AN;
				ENABLE_PREVIEWS = YES;
				INFOPLIST_FILE = "SwiftUI-d4-SupportingTypes/Info.plist";
				LD_RUNPATH_SEARCH_PATHS = (
					"$(inherited)",
					"@executable_path/Frameworks",
				);
				PRODUCT_BUNDLE_IDENTIFIER = "pq.SwiftUI-d4-SupportingTypes";
				PRODUCT_NAME = "$(TARGET_NAME)";
				SWIFT_VERSION = 5.0;
				TARGETED_DEVICE_FAMILY = "1,2";
			};
			name = Release;
		};
		CD3E4FA624236B44001406E5 /* Debug */ = {
			isa = XCBuildConfiguration;
			buildSettings = {
				ALWAYS_EMBED_SWIFT_STANDARD_LIBRARIES = YES;
				BUNDLE_LOADER = "$(TEST_HOST)";
				CODE_SIGN_STYLE = Automatic;
				DEVELOPMENT_TEAM = LZ5TGFY9AN;
				INFOPLIST_FILE = "SwiftUI-d4-SupportingTypesTests/Info.plist";
				IPHONEOS_DEPLOYMENT_TARGET = 13.2;
				LD_RUNPATH_SEARCH_PATHS = (
					"$(inherited)",
					"@executable_path/Frameworks",
					"@loader_path/Frameworks",
				);
				PRODUCT_BUNDLE_IDENTIFIER = "pq.SwiftUI-d4-SupportingTypesTests";
				PRODUCT_NAME = "$(TARGET_NAME)";
				SWIFT_VERSION = 5.0;
				TARGETED_DEVICE_FAMILY = "1,2";
				TEST_HOST = "$(BUILT_PRODUCTS_DIR)/SwiftUI-d4-SupportingTypes.app/SwiftUI-d4-SupportingTypes";
			};
			name = Debug;
		};
		CD3E4FA724236B44001406E5 /* Release */ = {
			isa = XCBuildConfiguration;
			buildSettings = {
				ALWAYS_EMBED_SWIFT_STANDARD_LIBRARIES = YES;
				BUNDLE_LOADER = "$(TEST_HOST)";
				CODE_SIGN_STYLE = Automatic;
				DEVELOPMENT_TEAM = LZ5TGFY9AN;
				INFOPLIST_FILE = "SwiftUI-d4-SupportingTypesTests/Info.plist";
				IPHONEOS_DEPLOYMENT_TARGET = 13.2;
				LD_RUNPATH_SEARCH_PATHS = (
					"$(inherited)",
					"@executable_path/Frameworks",
					"@loader_path/Frameworks",
				);
				PRODUCT_BUNDLE_IDENTIFIER = "pq.SwiftUI-d4-SupportingTypesTests";
				PRODUCT_NAME = "$(TARGET_NAME)";
				SWIFT_VERSION = 5.0;
				TARGETED_DEVICE_FAMILY = "1,2";
				TEST_HOST = "$(BUILT_PRODUCTS_DIR)/SwiftUI-d4-SupportingTypes.app/SwiftUI-d4-SupportingTypes";
			};
			name = Release;
		};
/* End XCBuildConfiguration section */

/* Begin XCConfigurationList section */
		CD3E4F7E24236B43001406E5 /* Build configuration list for PBXProject "SwiftUI-d4-SupportingTypes" */ = {
			isa = XCConfigurationList;
			buildConfigurations = (
				CD3E4FA024236B44001406E5 /* Debug */,
				CD3E4FA124236B44001406E5 /* Release */,
			);
			defaultConfigurationIsVisible = 0;
			defaultConfigurationName = Release;
		};
		CD3E4FA224236B44001406E5 /* Build configuration list for PBXNativeTarget "SwiftUI-d4-SupportingTypes" */ = {
			isa = XCConfigurationList;
			buildConfigurations = (
				CD3E4FA324236B44001406E5 /* Debug */,
				CD3E4FA424236B44001406E5 /* Release */,
			);
			defaultConfigurationIsVisible = 0;
			defaultConfigurationName = Release;
		};
		CD3E4FA524236B44001406E5 /* Build configuration list for PBXNativeTarget "SwiftUI-d4-SupportingTypesTests" */ = {
			isa = XCConfigurationList;
			buildConfigurations = (
				CD3E4FA624236B44001406E5 /* Debug */,
				CD3E4FA724236B44001406E5 /* Release */,
			);
			defaultConfigurationIsVisible = 0;
			defaultConfigurationName = Release;
		};
/* End XCConfigurationList section */
	};
	rootObject = CD3E4F7B24236B43001406E5 /* Project object */;
}
