// !$*UTF8*$!
{
	archiveVersion = 1;
	classes = {
	};
	objectVersion = 50;
	objects = {

/* Begin PBXBuildFile section */
		CD3E51B82425F7FC001406E5 /* AppDelegate.swift in Sources */ = {isa = PBXBuildFile; fileRef = CD3E51B72425F7FC001406E5 /* AppDelegate.swift */; };
		CD3E51BA2425F7FC001406E5 /* SceneDelegate.swift in Sources */ = {isa = PBXBuildFile; fileRef = CD3E51B92425F7FC001406E5 /* SceneDelegate.swift */; };
		CD3E51BC2425F7FC001406E5 /* ContentView.swift in Sources */ = {isa = PBXBuildFile; fileRef = CD3E51BB2425F7FC001406E5 /* ContentView.swift */; };
		CD3E51BE2425F7FD001406E5 /* Assets.xcassets in Resources */ = {isa = PBXBuildFile; fileRef = CD3E51BD2425F7FD001406E5 /* Assets.xcassets */; };
		CD3E51C12425F7FD001406E5 /* Preview Assets.xcassets in Resources */ = {isa = PBXBuildFile; fileRef = CD3E51C02425F7FD001406E5 /* Preview Assets.xcassets */; };
		CD3E51C42425F7FD001406E5 /* LaunchScreen.storyboard in Resources */ = {isa = PBXBuildFile; fileRef = CD3E51C22425F7FD001406E5 /* LaunchScreen.storyboard */; };
		CD3E51CF2425F7FD001406E5 /* SwiftUI_d16_FrameworkIntegrationTests.swift in Sources */ = {isa = PBXBuildFile; fileRef = CD3E51CE2425F7FD001406E5 /* SwiftUI_d16_FrameworkIntegrationTests.swift */; };
		CD3E51DA242855B9001406E5 /* LyricsView.swift in Sources */ = {isa = PBXBuildFile; fileRef = CD3E51D9242855B9001406E5 /* LyricsView.swift */; };
		CD3E51DC242856C8001406E5 /* Main.storyboard in Resources */ = {isa = PBXBuildFile; fileRef = CD3E51DB242856C8001406E5 /* Main.storyboard */; };
		CD3E51DE24285984001406E5 /* HAHAController.swift in Sources */ = {isa = PBXBuildFile; fileRef = CD3E51DD24285984001406E5 /* HAHAController.swift */; };
/* End PBXBuildFile section */

/* Begin PBXContainerItemProxy section */
		CD3E51CB2425F7FD001406E5 /* PBXContainerItemProxy */ = {
			isa = PBXContainerItemProxy;
			containerPortal = CD3E51AC2425F7FC001406E5 /* Project object */;
			proxyType = 1;
			remoteGlobalIDString = CD3E51B32425F7FC001406E5;
			remoteInfo = "SwiftUI-d16-FrameworkIntegration";
		};
/* End PBXContainerItemProxy section */

/* Begin PBXFileReference section */
		CD3E51B42425F7FC001406E5 /* SwiftUI-d16-FrameworkIntegration.app */ = {isa = PBXFileReference; explicitFileType = wrapper.application; includeInIndex = 0; path = "SwiftUI-d16-FrameworkIntegration.app"; sourceTree = BUILT_PRODUCTS_DIR; };
		CD3E51B72425F7FC001406E5 /* AppDelegate.swift */ = {isa = PBXFileReference; lastKnownFileType = sourcecode.swift; path = AppDelegate.swift; sourceTree = "<group>"; };
		CD3E51B92425F7FC001406E5 /* SceneDelegate.swift */ = {isa = PBXFileReference; lastKnownFileType = sourcecode.swift; path = SceneDelegate.swift; sourceTree = "<group>"; };
		CD3E51BB2425F7FC001406E5 /* ContentView.swift */ = {isa = PBXFileReference; lastKnownFileType = sourcecode.swift; path = ContentView.swift; sourceTree = "<group>"; };
		CD3E51BD2425F7FD001406E5 /* Assets.xcassets */ = {isa = PBXFileReference; lastKnownFileType = folder.assetcatalog; path = Assets.xcassets; sourceTree = "<group>"; };
		CD3E51C02425F7FD001406E5 /* Preview Assets.xcassets */ = {isa = PBXFileReference; lastKnownFileType = folder.assetcatalog; path = "Preview Assets.xcassets"; sourceTree = "<group>"; };
		CD3E51C32425F7FD001406E5 /* Base */ = {isa = PBXFileReference; lastKnownFileType = file.storyboard; name = Base; path = Base.lproj/LaunchScreen.storyboard; sourceTree = "<group>"; };
		CD3E51C52425F7FD001406E5 /* Info.plist */ = {isa = PBXFileReference; lastKnownFileType = text.plist.xml; path = Info.plist; sourceTree = "<group>"; };
		CD3E51CA2425F7FD001406E5 /* SwiftUI-d16-FrameworkIntegrationTests.xctest */ = {isa = PBXFileReference; explicitFileType = wrapper.cfbundle; includeInIndex = 0; path = "SwiftUI-d16-FrameworkIntegrationTests.xctest"; sourceTree = BUILT_PRODUCTS_DIR; };
		CD3E51CE2425F7FD001406E5 /* SwiftUI_d16_FrameworkIntegrationTests.swift */ = {isa = PBXFileReference; lastKnownFileType = sourcecode.swift; path = SwiftUI_d16_FrameworkIntegrationTests.swift; sourceTree = "<group>"; };
		CD3E51D02425F7FD001406E5 /* Info.plist */ = {isa = PBXFileReference; lastKnownFileType = text.plist.xml; path = Info.plist; sourceTree = "<group>"; };
		CD3E51D9242855B9001406E5 /* LyricsView.swift */ = {isa = PBXFileReference; lastKnownFileType = sourcecode.swift; path = LyricsView.swift; sourceTree = "<group>"; };
		CD3E51DB242856C8001406E5 /* Main.storyboard */ = {isa = PBXFileReference; lastKnownFileType = file.storyboard; path = Main.storyboard; sourceTree = "<group>"; };
		CD3E51DD24285984001406E5 /* HAHAController.swift */ = {isa = PBXFileReference; lastKnownFileType = sourcecode.swift; path = HAHAController.swift; sourceTree = "<group>"; };
/* End PBXFileReference section */

/* Begin PBXFrameworksBuildPhase section */
		CD3E51B12425F7FC001406E5 /* Frameworks */ = {
			isa = PBXFrameworksBuildPhase;
			buildActionMask = 2147483647;
			files = (
			);
			runOnlyForDeploymentPostprocessing = 0;
		};
		CD3E51C72425F7FD001406E5 /* Frameworks */ = {
			isa = PBXFrameworksBuildPhase;
			buildActionMask = 2147483647;
			files = (
			);
			runOnlyForDeploymentPostprocessing = 0;
		};
/* End PBXFrameworksBuildPhase section */

/* Begin PBXGroup section */
		CD3E51AB2425F7FC001406E5 = {
			isa = PBXGroup;
			children = (
				CD3E51B62425F7FC001406E5 /* SwiftUI-d16-FrameworkIntegration */,
				CD3E51CD2425F7FD001406E5 /* SwiftUI-d16-FrameworkIntegrationTests */,
				CD3E51B52425F7FC001406E5 /* Products */,
			);
			sourceTree = "<group>";
		};
		CD3E51B52425F7FC001406E5 /* Products */ = {
			isa = PBXGroup;
			children = (
				CD3E51B42425F7FC001406E5 /* SwiftUI-d16-FrameworkIntegration.app */,
				CD3E51CA2425F7FD001406E5 /* SwiftUI-d16-FrameworkIntegrationTests.xctest */,
			);
			name = Products;
			sourceTree = "<group>";
		};
		CD3E51B62425F7FC001406E5 /* SwiftUI-d16-FrameworkIntegration */ = {
			isa = PBXGroup;
			children = (
				CD3E51D9242855B9001406E5 /* LyricsView.swift */,
				CD3E51B72425F7FC001406E5 /* AppDelegate.swift */,
				CD3E51B92425F7FC001406E5 /* SceneDelegate.swift */,
				CD3E51BB2425F7FC001406E5 /* ContentView.swift */,
				CD3E51BD2425F7FD001406E5 /* Assets.xcassets */,
				CD3E51C22425F7FD001406E5 /* LaunchScreen.storyboard */,
				CD3E51C52425F7FD001406E5 /* Info.plist */,
				CD3E51BF2425F7FD001406E5 /* Preview Content */,
				CD3E51DB242856C8001406E5 /* Main.storyboard */,
				CD3E51DD24285984001406E5 /* HAHAController.swift */,
			);
			path = "SwiftUI-d16-FrameworkIntegration";
			sourceTree = "<group>";
		};
		CD3E51BF2425F7FD001406E5 /* Preview Content */ = {
			isa = PBXGroup;
			children = (
				CD3E51C02425F7FD001406E5 /* Preview Assets.xcassets */,
			);
			path = "Preview Content";
			sourceTree = "<group>";
		};
		CD3E51CD2425F7FD001406E5 /* SwiftUI-d16-FrameworkIntegrationTests */ = {
			isa = PBXGroup;
			children = (
				CD3E51CE2425F7FD001406E5 /* SwiftUI_d16_FrameworkIntegrationTests.swift */,
				CD3E51D02425F7FD001406E5 /* Info.plist */,
			);
			path = "SwiftUI-d16-FrameworkIntegrationTests";
			sourceTree = "<group>";
		};
/* End PBXGroup section */

/* Begin PBXNativeTarget section */
		CD3E51B32425F7FC001406E5 /* SwiftUI-d16-FrameworkIntegration */ = {
			isa = PBXNativeTarget;
			buildConfigurationList = CD3E51D32425F7FD001406E5 /* Build configuration list for PBXNativeTarget "SwiftUI-d16-FrameworkIntegration" */;
			buildPhases = (
				CD3E51B02425F7FC001406E5 /* Sources */,
				CD3E51B12425F7FC001406E5 /* Frameworks */,
				CD3E51B22425F7FC001406E5 /* Resources */,
			);
			buildRules = (
			);
			dependencies = (
			);
			name = "SwiftUI-d16-FrameworkIntegration";
			productName = "SwiftUI-d16-FrameworkIntegration";
			productReference = CD3E51B42425F7FC001406E5 /* SwiftUI-d16-FrameworkIntegration.app */;
			productType = "com.apple.product-type.application";
		};
		CD3E51C92425F7FD001406E5 /* SwiftUI-d16-FrameworkIntegrationTests */ = {
			isa = PBXNativeTarget;
			buildConfigurationList = CD3E51D62425F7FD001406E5 /* Build configuration list for PBXNativeTarget "SwiftUI-d16-FrameworkIntegrationTests" */;
			buildPhases = (
				CD3E51C62425F7FD001406E5 /* Sources */,
				CD3E51C72425F7FD001406E5 /* Frameworks */,
				CD3E51C82425F7FD001406E5 /* Resources */,
			);
			buildRules = (
			);
			dependencies = (
				CD3E51CC2425F7FD001406E5 /* PBXTargetDependency */,
			);
			name = "SwiftUI-d16-FrameworkIntegrationTests";
			productName = "SwiftUI-d16-FrameworkIntegrationTests";
			productReference = CD3E51CA2425F7FD001406E5 /* SwiftUI-d16-FrameworkIntegrationTests.xctest */;
			productType = "com.apple.product-type.bundle.unit-test";
		};
/* End PBXNativeTarget section */

/* Begin PBXProject section */
		CD3E51AC2425F7FC001406E5 /* Project object */ = {
			isa = PBXProject;
			attributes = {
				LastSwiftUpdateCheck = 1120;
				LastUpgradeCheck = 1120;
				ORGANIZATIONNAME = pq;
				TargetAttributes = {
					CD3E51B32425F7FC001406E5 = {
						CreatedOnToolsVersion = 11.2.1;
					};
					CD3E51C92425F7FD001406E5 = {
						CreatedOnToolsVersion = 11.2.1;
						TestTargetID = CD3E51B32425F7FC001406E5;
					};
				};
			};
			buildConfigurationList = CD3E51AF2425F7FC001406E5 /* Build configuration list for PBXProject "SwiftUI-d16-FrameworkIntegration" */;
			compatibilityVersion = "Xcode 9.3";
			developmentRegion = en;
			hasScannedForEncodings = 0;
			knownRegions = (
				en,
				Base,
			);
			mainGroup = CD3E51AB2425F7FC001406E5;
			productRefGroup = CD3E51B52425F7FC001406E5 /* Products */;
			projectDirPath = "";
			projectRoot = "";
			targets = (
				CD3E51B32425F7FC001406E5 /* SwiftUI-d16-FrameworkIntegration */,
				CD3E51C92425F7FD001406E5 /* SwiftUI-d16-FrameworkIntegrationTests */,
			);
		};
/* End PBXProject section */

/* Begin PBXResourcesBuildPhase section */
		CD3E51B22425F7FC001406E5 /* Resources */ = {
			isa = PBXResourcesBuildPhase;
			buildActionMask = 2147483647;
			files = (
				CD3E51C42425F7FD001406E5 /* LaunchScreen.storyboard in Resources */,
				CD3E51C12425F7FD001406E5 /* Preview Assets.xcassets in Resources */,
				CD3E51BE2425F7FD001406E5 /* Assets.xcassets in Resources */,
				CD3E51DC242856C8001406E5 /* Main.storyboard in Resources */,
			);
			runOnlyForDeploymentPostprocessing = 0;
		};
		CD3E51C82425F7FD001406E5 /* Resources */ = {
			isa = PBXResourcesBuildPhase;
			buildActionMask = 2147483647;
			files = (
			);
			runOnlyForDeploymentPostprocessing = 0;
		};
/* End PBXResourcesBuildPhase section */

/* Begin PBXSourcesBuildPhase section */
		CD3E51B02425F7FC001406E5 /* Sources */ = {
			isa = PBXSourcesBuildPhase;
			buildActionMask = 2147483647;
			files = (
				CD3E51DA242855B9001406E5 /* LyricsView.swift in Sources */,
				CD3E51B82425F7FC001406E5 /* AppDelegate.swift in Sources */,
				CD3E51BA2425F7FC001406E5 /* SceneDelegate.swift in Sources */,
				CD3E51BC2425F7FC001406E5 /* ContentView.swift in Sources */,
				CD3E51DE24285984001406E5 /* HAHAController.swift in Sources */,
			);
			runOnlyForDeploymentPostprocessing = 0;
		};
		CD3E51C62425F7FD001406E5 /* Sources */ = {
			isa = PBXSourcesBuildPhase;
			buildActionMask = 2147483647;
			files = (
				CD3E51CF2425F7FD001406E5 /* SwiftUI_d16_FrameworkIntegrationTests.swift in Sources */,
			);
			runOnlyForDeploymentPostprocessing = 0;
		};
/* End PBXSourcesBuildPhase section */

/* Begin PBXTargetDependency section */
		CD3E51CC2425F7FD001406E5 /* PBXTargetDependency */ = {
			isa = PBXTargetDependency;
			target = CD3E51B32425F7FC001406E5 /* SwiftUI-d16-FrameworkIntegration */;
			targetProxy = CD3E51CB2425F7FD001406E5 /* PBXContainerItemProxy */;
		};
/* End PBXTargetDependency section */

/* Begin PBXVariantGroup section */
		CD3E51C22425F7FD001406E5 /* LaunchScreen.storyboard */ = {
			isa = PBXVariantGroup;
			children = (
				CD3E51C32425F7FD001406E5 /* Base */,
			);
			name = LaunchScreen.storyboard;
			sourceTree = "<group>";
		};
/* End PBXVariantGroup section */

/* Begin XCBuildConfiguration section */
		CD3E51D12425F7FD001406E5 /* Debug */ = {
			isa = XCBuildConfiguration;
			buildSettings = {
				ALWAYS_SEARCH_USER_PATHS = NO;
				CLANG_ANALYZER_NONNULL = YES;
				CLANG_ANALYZER_NUMBER_OBJECT_CONVERSION = YES_AGGRESSIVE;
				CLANG_CXX_LANGUAGE_STANDARD = "gnu++14";
				CLANG_CXX_LIBRARY = "libc++";
				CLANG_ENABLE_MODULES = YES;
				CLANG_ENABLE_OBJC_ARC = YES;
				CLANG_ENABLE_OBJC_WEAK = YES;
				CLANG_WARN_BLOCK_CAPTURE_AUTORELEASING = YES;
				CLANG_WARN_BOOL_CONVERSION = YES;
				CLANG_WARN_COMMA = YES;
				CLANG_WARN_CONSTANT_CONVERSION = YES;
				CLANG_WARN_DEPRECATED_OBJC_IMPLEMENTATIONS = YES;
				CLANG_WARN_DIRECT_OBJC_ISA_USAGE = YES_ERROR;
				CLANG_WARN_DOCUMENTATION_COMMENTS = YES;
				CLANG_WARN_EMPTY_BODY = YES;
				CLANG_WARN_ENUM_CONVERSION = YES;
				CLANG_WARN_INFINITE_RECURSION = YES;
				CLANG_WARN_INT_CONVERSION = YES;
				CLANG_WARN_NON_LITERAL_NULL_CONVERSION = YES;
				CLANG_WARN_OBJC_IMPLICIT_RETAIN_SELF = YES;
				CLANG_WARN_OBJC_LITERAL_CONVERSION = YES;
				CLANG_WARN_OBJC_ROOT_CLASS = YES_ERROR;
				CLANG_WARN_RANGE_LOOP_ANALYSIS = YES;
				CLANG_WARN_STRICT_PROTOTYPES = YES;
				CLANG_WARN_SUSPICIOUS_MOVE = YES;
				CLANG_WARN_UNGUARDED_AVAILABILITY = YES_AGGRESSIVE;
				CLANG_WARN_UNREACHABLE_CODE = YES;
				CLANG_WARN__DUPLICATE_METHOD_MATCH = YES;
				COPY_PHASE_STRIP = NO;
				DEBUG_INFORMATION_FORMAT = dwarf;
				ENABLE_STRICT_OBJC_MSGSEND = YES;
				ENABLE_TESTABILITY = YES;
				GCC_C_LANGUAGE_STANDARD = gnu11;
				GCC_DYNAMIC_NO_PIC = NO;
				GCC_NO_COMMON_BLOCKS = YES;
				GCC_OPTIMIZATION_LEVEL = 0;
				GCC_PREPROCESSOR_DEFINITIONS = (
					"DEBUG=1",
					"$(inherited)",
				);
				GCC_WARN_64_TO_32_BIT_CONVERSION = YES;
				GCC_WARN_ABOUT_RETURN_TYPE = YES_ERROR;
				GCC_WARN_UNDECLARED_SELECTOR = YES;
				GCC_WARN_UNINITIALIZED_AUTOS = YES_AGGRESSIVE;
				GCC_WARN_UNUSED_FUNCTION = YES;
				GCC_WARN_UNUSED_VARIABLE = YES;
				IPHONEOS_DEPLOYMENT_TARGET = 13.2;
				MTL_ENABLE_DEBUG_INFO = INCLUDE_SOURCE;
				MTL_FAST_MATH = YES;
				ONLY_ACTIVE_ARCH = YES;
				SDKROOT = iphoneos;
				SWIFT_ACTIVE_COMPILATION_CONDITIONS = DEBUG;
				SWIFT_OPTIMIZATION_LEVEL = "-Onone";
			};
			name = Debug;
		};
		CD3E51D22425F7FD001406E5 /* Release */ = {
			isa = XCBuildConfiguration;
			buildSettings = {
				ALWAYS_SEARCH_USER_PATHS = NO;
				CLANG_ANALYZER_NONNULL = YES;
				CLANG_ANALYZER_NUMBER_OBJECT_CONVERSION = YES_AGGRESSIVE;
				CLANG_CXX_LANGUAGE_STANDARD = "gnu++14";
				CLANG_CXX_LIBRARY = "libc++";
				CLANG_ENABLE_MODULES = YES;
				CLANG_ENABLE_OBJC_ARC = YES;
				CLANG_ENABLE_OBJC_WEAK = YES;
				CLANG_WARN_BLOCK_CAPTURE_AUTORELEASING = YES;
				CLANG_WARN_BOOL_CONVERSION = YES;
				CLANG_WARN_COMMA = YES;
				CLANG_WARN_CONSTANT_CONVERSION = YES;
				CLANG_WARN_DEPRECATED_OBJC_IMPLEMENTATIONS = YES;
				CLANG_WARN_DIRECT_OBJC_ISA_USAGE = YES_ERROR;
				CLANG_WARN_DOCUMENTATION_COMMENTS = YES;
				CLANG_WARN_EMPTY_BODY = YES;
				CLANG_WARN_ENUM_CONVERSION = YES;
				CLANG_WARN_INFINITE_RECURSION = YES;
				CLANG_WARN_INT_CONVERSION = YES;
				CLANG_WARN_NON_LITERAL_NULL_CONVERSION = YES;
				CLANG_WARN_OBJC_IMPLICIT_RETAIN_SELF = YES;
				CLANG_WARN_OBJC_LITERAL_CONVERSION = YES;
				CLANG_WARN_OBJC_ROOT_CLASS = YES_ERROR;
				CLANG_WARN_RANGE_LOOP_ANALYSIS = YES;
				CLANG_WARN_STRICT_PROTOTYPES = YES;
				CLANG_WARN_SUSPICIOUS_MOVE = YES;
				CLANG_WARN_UNGUARDED_AVAILABILITY = YES_AGGRESSIVE;
				CLANG_WARN_UNREACHABLE_CODE = YES;
				CLANG_WARN__DUPLICATE_METHOD_MATCH = YES;
				COPY_PHASE_STRIP = NO;
				DEBUG_INFORMATION_FORMAT = "dwarf-with-dsym";
				ENABLE_NS_ASSERTIONS = NO;
				ENABLE_STRICT_OBJC_MSGSEND = YES;
				GCC_C_LANGUAGE_STANDARD = gnu11;
				GCC_NO_COMMON_BLOCKS = YES;
				GCC_WARN_64_TO_32_BIT_CONVERSION = YES;
				GCC_WARN_ABOUT_RETURN_TYPE = YES_ERROR;
				GCC_WARN_UNDECLARED_SELECTOR = YES;
				GCC_WARN_UNINITIALIZED_AUTOS = YES_AGGRESSIVE;
				GCC_WARN_UNUSED_FUNCTION = YES;
				GCC_WARN_UNUSED_VARIABLE = YES;
				IPHONEOS_DEPLOYMENT_TARGET = 13.2;
				MTL_ENABLE_DEBUG_INFO = NO;
				MTL_FAST_MATH = YES;
				SDKROOT = iphoneos;
				SWIFT_COMPILATION_MODE = wholemodule;
				SWIFT_OPTIMIZATION_LEVEL = "-O";
				VALIDATE_PRODUCT = YES;
			};
			name = Release;
		};
		CD3E51D42425F7FD001406E5 /* Debug */ = {
			isa = XCBuildConfiguration;
			buildSettings = {
				ASSETCATALOG_COMPILER_APPICON_NAME = AppIcon;
				CODE_SIGN_STYLE = Automatic;
				DEVELOPMENT_ASSET_PATHS = "\"SwiftUI-d16-FrameworkIntegration/Preview Content\"";
				DEVELOPMENT_TEAM = LZ5TGFY9AN;
				ENABLE_PREVIEWS = YES;
				INFOPLIST_FILE = "SwiftUI-d16-FrameworkIntegration/Info.plist";
				LD_RUNPATH_SEARCH_PATHS = (
					"$(inherited)",
					"@executable_path/Frameworks",
				);
				PRODUCT_BUNDLE_IDENTIFIER = "pq.SwiftUI-d16-FrameworkIntegration";
				PRODUCT_NAME = "$(TARGET_NAME)";
				SWIFT_VERSION = 5.0;
				TARGETED_DEVICE_FAMILY = "1,2";
			};
			name = Debug;
		};
		CD3E51D52425F7FD001406E5 /* Release */ = {
			isa = XCBuildConfiguration;
			buildSettings = {
				ASSETCATALOG_COMPILER_APPICON_NAME = AppIcon;
				CODE_SIGN_STYLE = Automatic;
				DEVELOPMENT_ASSET_PATHS = "\"SwiftUI-d16-FrameworkIntegration/Preview Content\"";
				DEVELOPMENT_TEAM = LZ5TGFY9AN;
				ENABLE_PREVIEWS = YES;
				INFOPLIST_FILE = "SwiftUI-d16-FrameworkIntegration/Info.plist";
				LD_RUNPATH_SEARCH_PATHS = (
					"$(inherited)",
					"@executable_path/Frameworks",
				);
				PRODUCT_BUNDLE_IDENTIFIER = "pq.SwiftUI-d16-FrameworkIntegration";
				PRODUCT_NAME = "$(TARGET_NAME)";
				SWIFT_VERSION = 5.0;
				TARGETED_DEVICE_FAMILY = "1,2";
			};
			name = Release;
		};
		CD3E51D72425F7FD001406E5 /* Debug */ = {
			isa = XCBuildConfiguration;
			buildSettings = {
				ALWAYS_EMBED_SWIFT_STANDARD_LIBRARIES = YES;
				BUNDLE_LOADER = "$(TEST_HOST)";
				CODE_SIGN_STYLE = Automatic;
				DEVELOPMENT_TEAM = LZ5TGFY9AN;
				INFOPLIST_FILE = "SwiftUI-d16-FrameworkIntegrationTests/Info.plist";
				IPHONEOS_DEPLOYMENT_TARGET = 13.2;
				LD_RUNPATH_SEARCH_PATHS = (
					"$(inherited)",
					"@executable_path/Frameworks",
					"@loader_path/Frameworks",
				);
				PRODUCT_BUNDLE_IDENTIFIER = "pq.SwiftUI-d16-FrameworkIntegrationTests";
				PRODUCT_NAME = "$(TARGET_NAME)";
				SWIFT_VERSION = 5.0;
				TARGETED_DEVICE_FAMILY = "1,2";
				TEST_HOST = "$(BUILT_PRODUCTS_DIR)/SwiftUI-d16-FrameworkIntegration.app/SwiftUI-d16-FrameworkIntegration";
			};
			name = Debug;
		};
		CD3E51D82425F7FD001406E5 /* Release */ = {
			isa = XCBuildConfiguration;
			buildSettings = {
				ALWAYS_EMBED_SWIFT_STANDARD_LIBRARIES = YES;
				BUNDLE_LOADER = "$(TEST_HOST)";
				CODE_SIGN_STYLE = Automatic;
				DEVELOPMENT_TEAM = LZ5TGFY9AN;
				INFOPLIST_FILE = "SwiftUI-d16-FrameworkIntegrationTests/Info.plist";
				IPHONEOS_DEPLOYMENT_TARGET = 13.2;
				LD_RUNPATH_SEARCH_PATHS = (
					"$(inherited)",
					"@executable_path/Frameworks",
					"@loader_path/Frameworks",
				);
				PRODUCT_BUNDLE_IDENTIFIER = "pq.SwiftUI-d16-FrameworkIntegrationTests";
				PRODUCT_NAME = "$(TARGET_NAME)";
				SWIFT_VERSION = 5.0;
				TARGETED_DEVICE_FAMILY = "1,2";
				TEST_HOST = "$(BUILT_PRODUCTS_DIR)/SwiftUI-d16-FrameworkIntegration.app/SwiftUI-d16-FrameworkIntegration";
			};
			name = Release;
		};
/* End XCBuildConfiguration section */

/* Begin XCConfigurationList section */
		CD3E51AF2425F7FC001406E5 /* Build configuration list for PBXProject "SwiftUI-d16-FrameworkIntegration" */ = {
			isa = XCConfigurationList;
			buildConfigurations = (
				CD3E51D12425F7FD001406E5 /* Debug */,
				CD3E51D22425F7FD001406E5 /* Release */,
			);
			defaultConfigurationIsVisible = 0;
			defaultConfigurationName = Release;
		};
		CD3E51D32425F7FD001406E5 /* Build configuration list for PBXNativeTarget "SwiftUI-d16-FrameworkIntegration" */ = {
			isa = XCConfigurationList;
			buildConfigurations = (
				CD3E51D42425F7FD001406E5 /* Debug */,
				CD3E51D52425F7FD001406E5 /* Release */,
			);
			defaultConfigurationIsVisible = 0;
			defaultConfigurationName = Release;
		};
		CD3E51D62425F7FD001406E5 /* Build configuration list for PBXNativeTarget "SwiftUI-d16-FrameworkIntegrationTests" */ = {
			isa = XCConfigurationList;
			buildConfigurations = (
				CD3E51D72425F7FD001406E5 /* Debug */,
				CD3E51D82425F7FD001406E5 /* Release */,
			);
			defaultConfigurationIsVisible = 0;
			defaultConfigurationName = Release;
		};
/* End XCConfigurationList section */
	};
	rootObject = CD3E51AC2425F7FC001406E5 /* Project object */;
}
