// !$*UTF8*$!
{
	archiveVersion = 1;
	classes = {
	};
	objectVersion = 50;
	objects = {

/* Begin PBXBuildFile section */
		CD56507D24209C4700CD61ED /* AppDelegate.swift in Sources */ = {isa = PBXBuildFile; fileRef = CD56507C24209C4700CD61ED /* AppDelegate.swift */; };
		CD56507F24209C4700CD61ED /* SceneDelegate.swift in Sources */ = {isa = PBXBuildFile; fileRef = CD56507E24209C4700CD61ED /* SceneDelegate.swift */; };
		CD56508324209C4800CD61ED /* Assets.xcassets in Resources */ = {isa = PBXBuildFile; fileRef = CD56508224209C4800CD61ED /* Assets.xcassets */; };
		CD56508624209C4800CD61ED /* Preview Assets.xcassets in Resources */ = {isa = PBXBuildFile; fileRef = CD56508524209C4800CD61ED /* Preview Assets.xcassets */; };
		CD56508924209C4800CD61ED /* LaunchScreen.storyboard in Resources */ = {isa = PBXBuildFile; fileRef = CD56508724209C4800CD61ED /* LaunchScreen.storyboard */; };
		CD56509424209C4800CD61ED /* SwiftUI_07_Profile_Tests.swift in Sources */ = {isa = PBXBuildFile; fileRef = CD56509324209C4800CD61ED /* SwiftUI_07_Profile_Tests.swift */; };
		CD5650C424209D8000CD61ED /* LandmarkList.swift in Sources */ = {isa = PBXBuildFile; fileRef = CD56509E24209D7F00CD61ED /* LandmarkList.swift */; };
		CD5650C524209D8000CD61ED /* Data.swift in Sources */ = {isa = PBXBuildFile; fileRef = CD5650A024209D7F00CD61ED /* Data.swift */; };
		CD5650C624209D8000CD61ED /* Profile.swift in Sources */ = {isa = PBXBuildFile; fileRef = CD5650A124209D7F00CD61ED /* Profile.swift */; };
		CD5650C724209D8000CD61ED /* UserData.swift in Sources */ = {isa = PBXBuildFile; fileRef = CD5650A224209D7F00CD61ED /* UserData.swift */; };
		CD5650C824209D8000CD61ED /* Hike.swift in Sources */ = {isa = PBXBuildFile; fileRef = CD5650A324209D7F00CD61ED /* Hike.swift */; };
		CD5650C924209D8000CD61ED /* Landmark.swift in Sources */ = {isa = PBXBuildFile; fileRef = CD5650A424209D7F00CD61ED /* Landmark.swift */; };
		CD5650CA24209D8000CD61ED /* LandmarkDetail.swift in Sources */ = {isa = PBXBuildFile; fileRef = CD5650A524209D7F00CD61ED /* LandmarkDetail.swift */; };
		CD5650CB24209D8000CD61ED /* Home.swift in Sources */ = {isa = PBXBuildFile; fileRef = CD5650A624209D7F00CD61ED /* Home.swift */; };
		CD5650CC24209D8000CD61ED /* CategoryRow.swift in Sources */ = {isa = PBXBuildFile; fileRef = CD5650A724209D7F00CD61ED /* CategoryRow.swift */; };
		CD5650CD24209D8000CD61ED /* HikeView.swift in Sources */ = {isa = PBXBuildFile; fileRef = CD5650A824209D7F00CD61ED /* HikeView.swift */; };
		CD5650CE24209D8000CD61ED /* HikeDetail.swift in Sources */ = {isa = PBXBuildFile; fileRef = CD5650A924209D7F00CD61ED /* HikeDetail.swift */; };
		CD5650CF24209D8000CD61ED /* charleyrivers.jpg in Resources */ = {isa = PBXBuildFile; fileRef = CD5650AB24209D8000CD61ED /* charleyrivers.jpg */; };
		CD5650D024209D8000CD61ED /* turtlerock.jpg in Resources */ = {isa = PBXBuildFile; fileRef = CD5650AC24209D8000CD61ED /* turtlerock.jpg */; };
		CD5650D124209D8000CD61ED /* silversalmoncreek.jpg in Resources */ = {isa = PBXBuildFile; fileRef = CD5650AD24209D8000CD61ED /* silversalmoncreek.jpg */; };
		CD5650D224209D8000CD61ED /* hikeData.json in Resources */ = {isa = PBXBuildFile; fileRef = CD5650AE24209D8000CD61ED /* hikeData.json */; };
		CD5650D324209D8000CD61ED /* icybay.jpg in Resources */ = {isa = PBXBuildFile; fileRef = CD5650AF24209D8000CD61ED /* icybay.jpg */; };
		CD5650D424209D8000CD61ED /* lakemcdonald.jpg in Resources */ = {isa = PBXBuildFile; fileRef = CD5650B024209D8000CD61ED /* lakemcdonald.jpg */; };
		CD5650D524209D8000CD61ED /* hiddenlake.jpg in Resources */ = {isa = PBXBuildFile; fileRef = CD5650B124209D8000CD61ED /* hiddenlake.jpg */; };
		CD5650D624209D8000CD61ED /* twinlake.jpg in Resources */ = {isa = PBXBuildFile; fileRef = CD5650B224209D8000CD61ED /* twinlake.jpg */; };
		CD5650D724209D8000CD61ED /* umbagog.jpg in Resources */ = {isa = PBXBuildFile; fileRef = CD5650B324209D8000CD61ED /* umbagog.jpg */; };
		CD5650D824209D8000CD61ED /* landmarkData.json in Resources */ = {isa = PBXBuildFile; fileRef = CD5650B424209D8000CD61ED /* landmarkData.json */; };
		CD5650D924209D8000CD61ED /* chincoteague.jpg in Resources */ = {isa = PBXBuildFile; fileRef = CD5650B524209D8000CD61ED /* chincoteague.jpg */; };
		CD5650DA24209D8000CD61ED /* stmarylake.jpg in Resources */ = {isa = PBXBuildFile; fileRef = CD5650B624209D8000CD61ED /* stmarylake.jpg */; };
		CD5650DB24209D8000CD61ED /* chilkoottrail.jpg in Resources */ = {isa = PBXBuildFile; fileRef = CD5650B724209D8000CD61ED /* chilkoottrail.jpg */; };
		CD5650DC24209D8000CD61ED /* rainbowlake.jpg in Resources */ = {isa = PBXBuildFile; fileRef = CD5650B824209D8000CD61ED /* rainbowlake.jpg */; };
		CD5650DD24209D8000CD61ED /* GraphCapsule.swift in Sources */ = {isa = PBXBuildFile; fileRef = CD5650BA24209D8000CD61ED /* GraphCapsule.swift */; };
		CD5650DE24209D8000CD61ED /* HikeGraph.swift in Sources */ = {isa = PBXBuildFile; fileRef = CD5650BB24209D8000CD61ED /* HikeGraph.swift */; };
		CD5650DF24209D8000CD61ED /* RotatedBadgeSymbol.swift in Sources */ = {isa = PBXBuildFile; fileRef = CD5650BC24209D8000CD61ED /* RotatedBadgeSymbol.swift */; };
		CD5650E024209D8000CD61ED /* MapView.swift in Sources */ = {isa = PBXBuildFile; fileRef = CD5650BD24209D8000CD61ED /* MapView.swift */; };
		CD5650E124209D8000CD61ED /* CircleImage.swift in Sources */ = {isa = PBXBuildFile; fileRef = CD5650BE24209D8000CD61ED /* CircleImage.swift */; };
		CD5650E224209D8000CD61ED /* BadgeSymbol.swift in Sources */ = {isa = PBXBuildFile; fileRef = CD5650BF24209D8000CD61ED /* BadgeSymbol.swift */; };
		CD5650E324209D8000CD61ED /* BadgeBackground.swift in Sources */ = {isa = PBXBuildFile; fileRef = CD5650C024209D8000CD61ED /* BadgeBackground.swift */; };
		CD5650E424209D8000CD61ED /* LandmarkRow.swift in Sources */ = {isa = PBXBuildFile; fileRef = CD5650C124209D8000CD61ED /* LandmarkRow.swift */; };
		CD5650E524209D8000CD61ED /* Badge.swift in Sources */ = {isa = PBXBuildFile; fileRef = CD5650C224209D8000CD61ED /* Badge.swift */; };
		CD5650E624209D8000CD61ED /* HexagonParameters.swift in Sources */ = {isa = PBXBuildFile; fileRef = CD5650C324209D8000CD61ED /* HexagonParameters.swift */; };
		CD5650E824209D9B00CD61ED /* ProfileHost.swift in Sources */ = {isa = PBXBuildFile; fileRef = CD5650E724209D9B00CD61ED /* ProfileHost.swift */; };
		CD5650EA24209E3E00CD61ED /* ProfileSummary.swift in Sources */ = {isa = PBXBuildFile; fileRef = CD5650E924209E3E00CD61ED /* ProfileSummary.swift */; };
		CD5650EC24209F5200CD61ED /* HikeBadge.swift in Sources */ = {isa = PBXBuildFile; fileRef = CD5650EB24209F5200CD61ED /* HikeBadge.swift */; };
		CD5650EE2420EC2A00CD61ED /* ProfileEditor.swift in Sources */ = {isa = PBXBuildFile; fileRef = CD5650ED2420EC2A00CD61ED /* ProfileEditor.swift */; };
/* End PBXBuildFile section */

/* Begin PBXContainerItemProxy section */
		CD56509024209C4800CD61ED /* PBXContainerItemProxy */ = {
			isa = PBXContainerItemProxy;
			containerPortal = CD56507124209C4700CD61ED /* Project object */;
			proxyType = 1;
			remoteGlobalIDString = CD56507824209C4700CD61ED;
			remoteInfo = "SwiftUI-07(Profile)";
		};
/* End PBXContainerItemProxy section */

/* Begin PBXFileReference section */
		CD56507924209C4700CD61ED /* SwiftUI-07(Profile).app */ = {isa = PBXFileReference; explicitFileType = wrapper.application; includeInIndex = 0; path = "SwiftUI-07(Profile).app"; sourceTree = BUILT_PRODUCTS_DIR; };
		CD56507C24209C4700CD61ED /* AppDelegate.swift */ = {isa = PBXFileReference; lastKnownFileType = sourcecode.swift; path = AppDelegate.swift; sourceTree = "<group>"; };
		CD56507E24209C4700CD61ED /* SceneDelegate.swift */ = {isa = PBXFileReference; lastKnownFileType = sourcecode.swift; path = SceneDelegate.swift; sourceTree = "<group>"; };
		CD56508224209C4800CD61ED /* Assets.xcassets */ = {isa = PBXFileReference; lastKnownFileType = folder.assetcatalog; path = Assets.xcassets; sourceTree = "<group>"; };
		CD56508524209C4800CD61ED /* Preview Assets.xcassets */ = {isa = PBXFileReference; lastKnownFileType = folder.assetcatalog; path = "Preview Assets.xcassets"; sourceTree = "<group>"; };
		CD56508824209C4800CD61ED /* Base */ = {isa = PBXFileReference; lastKnownFileType = file.storyboard; name = Base; path = Base.lproj/LaunchScreen.storyboard; sourceTree = "<group>"; };
		CD56508A24209C4800CD61ED /* Info.plist */ = {isa = PBXFileReference; lastKnownFileType = text.plist.xml; path = Info.plist; sourceTree = "<group>"; };
		CD56508F24209C4800CD61ED /* SwiftUI-07(Profile)Tests.xctest */ = {isa = PBXFileReference; explicitFileType = wrapper.cfbundle; includeInIndex = 0; path = "SwiftUI-07(Profile)Tests.xctest"; sourceTree = BUILT_PRODUCTS_DIR; };
		CD56509324209C4800CD61ED /* SwiftUI_07_Profile_Tests.swift */ = {isa = PBXFileReference; lastKnownFileType = sourcecode.swift; path = SwiftUI_07_Profile_Tests.swift; sourceTree = "<group>"; };
		CD56509524209C4800CD61ED /* Info.plist */ = {isa = PBXFileReference; lastKnownFileType = text.plist.xml; path = Info.plist; sourceTree = "<group>"; };
		CD56509E24209D7F00CD61ED /* LandmarkList.swift */ = {isa = PBXFileReference; fileEncoding = 4; lastKnownFileType = sourcecode.swift; path = LandmarkList.swift; sourceTree = "<group>"; };
		CD5650A024209D7F00CD61ED /* Data.swift */ = {isa = PBXFileReference; fileEncoding = 4; lastKnownFileType = sourcecode.swift; path = Data.swift; sourceTree = "<group>"; };
		CD5650A124209D7F00CD61ED /* Profile.swift */ = {isa = PBXFileReference; fileEncoding = 4; lastKnownFileType = sourcecode.swift; path = Profile.swift; sourceTree = "<group>"; };
		CD5650A224209D7F00CD61ED /* UserData.swift */ = {isa = PBXFileReference; fileEncoding = 4; lastKnownFileType = sourcecode.swift; path = UserData.swift; sourceTree = "<group>"; };
		CD5650A324209D7F00CD61ED /* Hike.swift */ = {isa = PBXFileReference; fileEncoding = 4; lastKnownFileType = sourcecode.swift; path = Hike.swift; sourceTree = "<group>"; };
		CD5650A424209D7F00CD61ED /* Landmark.swift */ = {isa = PBXFileReference; fileEncoding = 4; lastKnownFileType = sourcecode.swift; path = Landmark.swift; sourceTree = "<group>"; };
		CD5650A524209D7F00CD61ED /* LandmarkDetail.swift */ = {isa = PBXFileReference; fileEncoding = 4; lastKnownFileType = sourcecode.swift; path = LandmarkDetail.swift; sourceTree = "<group>"; };
		CD5650A624209D7F00CD61ED /* Home.swift */ = {isa = PBXFileReference; fileEncoding = 4; lastKnownFileType = sourcecode.swift; path = Home.swift; sourceTree = "<group>"; };
		CD5650A724209D7F00CD61ED /* CategoryRow.swift */ = {isa = PBXFileReference; fileEncoding = 4; lastKnownFileType = sourcecode.swift; path = CategoryRow.swift; sourceTree = "<group>"; };
		CD5650A824209D7F00CD61ED /* HikeView.swift */ = {isa = PBXFileReference; fileEncoding = 4; lastKnownFileType = sourcecode.swift; path = HikeView.swift; sourceTree = "<group>"; };
		CD5650A924209D7F00CD61ED /* HikeDetail.swift */ = {isa = PBXFileReference; fileEncoding = 4; lastKnownFileType = sourcecode.swift; path = HikeDetail.swift; sourceTree = "<group>"; };
		CD5650AB24209D8000CD61ED /* charleyrivers.jpg */ = {isa = PBXFileReference; lastKnownFileType = image.jpeg; path = charleyrivers.jpg; sourceTree = "<group>"; };
		CD5650AC24209D8000CD61ED /* turtlerock.jpg */ = {isa = PBXFileReference; lastKnownFileType = image.jpeg; path = turtlerock.jpg; sourceTree = "<group>"; };
		CD5650AD24209D8000CD61ED /* silversalmoncreek.jpg */ = {isa = PBXFileReference; lastKnownFileType = image.jpeg; path = silversalmoncreek.jpg; sourceTree = "<group>"; };
		CD5650AE24209D8000CD61ED /* hikeData.json */ = {isa = PBXFileReference; fileEncoding = 4; lastKnownFileType = text.json; path = hikeData.json; sourceTree = "<group>"; };
		CD5650AF24209D8000CD61ED /* icybay.jpg */ = {isa = PBXFileReference; lastKnownFileType = image.jpeg; path = icybay.jpg; sourceTree = "<group>"; };
		CD5650B024209D8000CD61ED /* lakemcdonald.jpg */ = {isa = PBXFileReference; lastKnownFileType = image.jpeg; path = lakemcdonald.jpg; sourceTree = "<group>"; };
		CD5650B124209D8000CD61ED /* hiddenlake.jpg */ = {isa = PBXFileReference; lastKnownFileType = image.jpeg; path = hiddenlake.jpg; sourceTree = "<group>"; };
		CD5650B224209D8000CD61ED /* twinlake.jpg */ = {isa = PBXFileReference; lastKnownFileType = image.jpeg; path = twinlake.jpg; sourceTree = "<group>"; };
		CD5650B324209D8000CD61ED /* umbagog.jpg */ = {isa = PBXFileReference; lastKnownFileType = image.jpeg; path = umbagog.jpg; sourceTree = "<group>"; };
		CD5650B424209D8000CD61ED /* landmarkData.json */ = {isa = PBXFileReference; fileEncoding = 4; lastKnownFileType = text.json; path = landmarkData.json; sourceTree = "<group>"; };
		CD5650B524209D8000CD61ED /* chincoteague.jpg */ = {isa = PBXFileReference; lastKnownFileType = image.jpeg; path = chincoteague.jpg; sourceTree = "<group>"; };
		CD5650B624209D8000CD61ED /* stmarylake.jpg */ = {isa = PBXFileReference; lastKnownFileType = image.jpeg; path = stmarylake.jpg; sourceTree = "<group>"; };
		CD5650B724209D8000CD61ED /* chilkoottrail.jpg */ = {isa = PBXFileReference; lastKnownFileType = image.jpeg; path = chilkoottrail.jpg; sourceTree = "<group>"; };
		CD5650B824209D8000CD61ED /* rainbowlake.jpg */ = {isa = PBXFileReference; lastKnownFileType = image.jpeg; path = rainbowlake.jpg; sourceTree = "<group>"; };
		CD5650BA24209D8000CD61ED /* GraphCapsule.swift */ = {isa = PBXFileReference; fileEncoding = 4; lastKnownFileType = sourcecode.swift; path = GraphCapsule.swift; sourceTree = "<group>"; };
		CD5650BB24209D8000CD61ED /* HikeGraph.swift */ = {isa = PBXFileReference; fileEncoding = 4; lastKnownFileType = sourcecode.swift; path = HikeGraph.swift; sourceTree = "<group>"; };
		CD5650BC24209D8000CD61ED /* RotatedBadgeSymbol.swift */ = {isa = PBXFileReference; fileEncoding = 4; lastKnownFileType = sourcecode.swift; path = RotatedBadgeSymbol.swift; sourceTree = "<group>"; };
		CD5650BD24209D8000CD61ED /* MapView.swift */ = {isa = PBXFileReference; fileEncoding = 4; lastKnownFileType = sourcecode.swift; path = MapView.swift; sourceTree = "<group>"; };
		CD5650BE24209D8000CD61ED /* CircleImage.swift */ = {isa = PBXFileReference; fileEncoding = 4; lastKnownFileType = sourcecode.swift; path = CircleImage.swift; sourceTree = "<group>"; };
		CD5650BF24209D8000CD61ED /* BadgeSymbol.swift */ = {isa = PBXFileReference; fileEncoding = 4; lastKnownFileType = sourcecode.swift; path = BadgeSymbol.swift; sourceTree = "<group>"; };
		CD5650C024209D8000CD61ED /* BadgeBackground.swift */ = {isa = PBXFileReference; fileEncoding = 4; lastKnownFileType = sourcecode.swift; path = BadgeBackground.swift; sourceTree = "<group>"; };
		CD5650C124209D8000CD61ED /* LandmarkRow.swift */ = {isa = PBXFileReference; fileEncoding = 4; lastKnownFileType = sourcecode.swift; path = LandmarkRow.swift; sourceTree = "<group>"; };
		CD5650C224209D8000CD61ED /* Badge.swift */ = {isa = PBXFileReference; fileEncoding = 4; lastKnownFileType = sourcecode.swift; path = Badge.swift; sourceTree = "<group>"; };
		CD5650C324209D8000CD61ED /* HexagonParameters.swift */ = {isa = PBXFileReference; fileEncoding = 4; lastKnownFileType = sourcecode.swift; path = HexagonParameters.swift; sourceTree = "<group>"; };
		CD5650E724209D9B00CD61ED /* ProfileHost.swift */ = {isa = PBXFileReference; lastKnownFileType = sourcecode.swift; path = ProfileHost.swift; sourceTree = "<group>"; };
		CD5650E924209E3E00CD61ED /* ProfileSummary.swift */ = {isa = PBXFileReference; lastKnownFileType = sourcecode.swift; path = ProfileSummary.swift; sourceTree = "<group>"; };
		CD5650EB24209F5200CD61ED /* HikeBadge.swift */ = {isa = PBXFileReference; lastKnownFileType = sourcecode.swift; path = HikeBadge.swift; sourceTree = "<group>"; };
		CD5650ED2420EC2A00CD61ED /* ProfileEditor.swift */ = {isa = PBXFileReference; lastKnownFileType = sourcecode.swift; path = ProfileEditor.swift; sourceTree = "<group>"; };
/* End PBXFileReference section */

/* Begin PBXFrameworksBuildPhase section */
		CD56507624209C4700CD61ED /* Frameworks */ = {
			isa = PBXFrameworksBuildPhase;
			buildActionMask = 2147483647;
			files = (
			);
			runOnlyForDeploymentPostprocessing = 0;
		};
		CD56508C24209C4800CD61ED /* Frameworks */ = {
			isa = PBXFrameworksBuildPhase;
			buildActionMask = 2147483647;
			files = (
			);
			runOnlyForDeploymentPostprocessing = 0;
		};
/* End PBXFrameworksBuildPhase section */

/* Begin PBXGroup section */
		CD56507024209C4700CD61ED = {
			isa = PBXGroup;
			children = (
				CD56507B24209C4700CD61ED /* SwiftUI-07(Profile) */,
				CD56509224209C4800CD61ED /* SwiftUI-07(Profile)Tests */,
				CD56507A24209C4700CD61ED /* Products */,
			);
			sourceTree = "<group>";
		};
		CD56507A24209C4700CD61ED /* Products */ = {
			isa = PBXGroup;
			children = (
				CD56507924209C4700CD61ED /* SwiftUI-07(Profile).app */,
				CD56508F24209C4800CD61ED /* SwiftUI-07(Profile)Tests.xctest */,
			);
			name = Products;
			sourceTree = "<group>";
		};
		CD56507B24209C4700CD61ED /* SwiftUI-07(Profile) */ = {
			isa = PBXGroup;
			children = (
				CD5650A724209D7F00CD61ED /* CategoryRow.swift */,
				CD5650C324209D8000CD61ED /* HexagonParameters.swift */,
				CD5650A924209D7F00CD61ED /* HikeDetail.swift */,
				CD5650A824209D7F00CD61ED /* HikeView.swift */,
				CD5650A624209D7F00CD61ED /* Home.swift */,
				CD5650A524209D7F00CD61ED /* LandmarkDetail.swift */,
				CD56509E24209D7F00CD61ED /* LandmarkList.swift */,
				CD56509F24209D7F00CD61ED /* Models */,
				CD5650AA24209D8000CD61ED /* Resources */,
				CD5650B924209D8000CD61ED /* Supporting Views */,
				CD56507C24209C4700CD61ED /* AppDelegate.swift */,
				CD56507E24209C4700CD61ED /* SceneDelegate.swift */,
				CD5650E924209E3E00CD61ED /* ProfileSummary.swift */,
				CD5650EB24209F5200CD61ED /* HikeBadge.swift */,
				CD5650ED2420EC2A00CD61ED /* ProfileEditor.swift */,
				CD56508224209C4800CD61ED /* Assets.xcassets */,
				CD56508724209C4800CD61ED /* LaunchScreen.storyboard */,
				CD56508A24209C4800CD61ED /* Info.plist */,
				CD56508424209C4800CD61ED /* Preview Content */,
				CD5650E724209D9B00CD61ED /* ProfileHost.swift */,
			);
			path = "SwiftUI-07(Profile)";
			sourceTree = "<group>";
		};
		CD56508424209C4800CD61ED /* Preview Content */ = {
			isa = PBXGroup;
			children = (
				CD56508524209C4800CD61ED /* Preview Assets.xcassets */,
			);
			path = "Preview Content";
			sourceTree = "<group>";
		};
		CD56509224209C4800CD61ED /* SwiftUI-07(Profile)Tests */ = {
			isa = PBXGroup;
			children = (
				CD56509324209C4800CD61ED /* SwiftUI_07_Profile_Tests.swift */,
				CD56509524209C4800CD61ED /* Info.plist */,
			);
			path = "SwiftUI-07(Profile)Tests";
			sourceTree = "<group>";
		};
		CD56509F24209D7F00CD61ED /* Models */ = {
			isa = PBXGroup;
			children = (
				CD5650A024209D7F00CD61ED /* Data.swift */,
				CD5650A124209D7F00CD61ED /* Profile.swift */,
				CD5650A224209D7F00CD61ED /* UserData.swift */,
				CD5650A324209D7F00CD61ED /* Hike.swift */,
				CD5650A424209D7F00CD61ED /* Landmark.swift */,
			);
			path = Models;
			sourceTree = "<group>";
		};
		CD5650AA24209D8000CD61ED /* Resources */ = {
			isa = PBXGroup;
			children = (
				CD5650AB24209D8000CD61ED /* charleyrivers.jpg */,
				CD5650AC24209D8000CD61ED /* turtlerock.jpg */,
				CD5650AD24209D8000CD61ED /* silversalmoncreek.jpg */,
				CD5650AE24209D8000CD61ED /* hikeData.json */,
				CD5650AF24209D8000CD61ED /* icybay.jpg */,
				CD5650B024209D8000CD61ED /* lakemcdonald.jpg */,
				CD5650B124209D8000CD61ED /* hiddenlake.jpg */,
				CD5650B224209D8000CD61ED /* twinlake.jpg */,
				CD5650B324209D8000CD61ED /* umbagog.jpg */,
				CD5650B424209D8000CD61ED /* landmarkData.json */,
				CD5650B524209D8000CD61ED /* chincoteague.jpg */,
				CD5650B624209D8000CD61ED /* stmarylake.jpg */,
				CD5650B724209D8000CD61ED /* chilkoottrail.jpg */,
				CD5650B824209D8000CD61ED /* rainbowlake.jpg */,
			);
			path = Resources;
			sourceTree = "<group>";
		};
		CD5650B924209D8000CD61ED /* Supporting Views */ = {
			isa = PBXGroup;
			children = (
				CD5650BA24209D8000CD61ED /* GraphCapsule.swift */,
				CD5650BB24209D8000CD61ED /* HikeGraph.swift */,
				CD5650BC24209D8000CD61ED /* RotatedBadgeSymbol.swift */,
				CD5650BD24209D8000CD61ED /* MapView.swift */,
				CD5650BE24209D8000CD61ED /* CircleImage.swift */,
				CD5650BF24209D8000CD61ED /* BadgeSymbol.swift */,
				CD5650C024209D8000CD61ED /* BadgeBackground.swift */,
				CD5650C124209D8000CD61ED /* LandmarkRow.swift */,
				CD5650C224209D8000CD61ED /* Badge.swift */,
			);
			path = "Supporting Views";
			sourceTree = "<group>";
		};
/* End PBXGroup section */

/* Begin PBXNativeTarget section */
		CD56507824209C4700CD61ED /* SwiftUI-07(Profile) */ = {
			isa = PBXNativeTarget;
			buildConfigurationList = CD56509824209C4800CD61ED /* Build configuration list for PBXNativeTarget "SwiftUI-07(Profile)" */;
			buildPhases = (
				CD56507524209C4700CD61ED /* Sources */,
				CD56507624209C4700CD61ED /* Frameworks */,
				CD56507724209C4700CD61ED /* Resources */,
			);
			buildRules = (
			);
			dependencies = (
			);
			name = "SwiftUI-07(Profile)";
			productName = "SwiftUI-07(Profile)";
			productReference = CD56507924209C4700CD61ED /* SwiftUI-07(Profile).app */;
			productType = "com.apple.product-type.application";
		};
		CD56508E24209C4800CD61ED /* SwiftUI-07(Profile)Tests */ = {
			isa = PBXNativeTarget;
			buildConfigurationList = CD56509B24209C4800CD61ED /* Build configuration list for PBXNativeTarget "SwiftUI-07(Profile)Tests" */;
			buildPhases = (
				CD56508B24209C4800CD61ED /* Sources */,
				CD56508C24209C4800CD61ED /* Frameworks */,
				CD56508D24209C4800CD61ED /* Resources */,
			);
			buildRules = (
			);
			dependencies = (
				CD56509124209C4800CD61ED /* PBXTargetDependency */,
			);
			name = "SwiftUI-07(Profile)Tests";
			productName = "SwiftUI-07(Profile)Tests";
			productReference = CD56508F24209C4800CD61ED /* SwiftUI-07(Profile)Tests.xctest */;
			productType = "com.apple.product-type.bundle.unit-test";
		};
/* End PBXNativeTarget section */

/* Begin PBXProject section */
		CD56507124209C4700CD61ED /* Project object */ = {
			isa = PBXProject;
			attributes = {
				LastSwiftUpdateCheck = 1120;
				LastUpgradeCheck = 1120;
				ORGANIZATIONNAME = pq;
				TargetAttributes = {
					CD56507824209C4700CD61ED = {
						CreatedOnToolsVersion = 11.2.1;
					};
					CD56508E24209C4800CD61ED = {
						CreatedOnToolsVersion = 11.2.1;
						TestTargetID = CD56507824209C4700CD61ED;
					};
				};
			};
			buildConfigurationList = CD56507424209C4700CD61ED /* Build configuration list for PBXProject "SwiftUI-07(Profile)" */;
			compatibilityVersion = "Xcode 9.3";
			developmentRegion = en;
			hasScannedForEncodings = 0;
			knownRegions = (
				en,
				Base,
			);
			mainGroup = CD56507024209C4700CD61ED;
			productRefGroup = CD56507A24209C4700CD61ED /* Products */;
			projectDirPath = "";
			projectRoot = "";
			targets = (
				CD56507824209C4700CD61ED /* SwiftUI-07(Profile) */,
				CD56508E24209C4800CD61ED /* SwiftUI-07(Profile)Tests */,
			);
		};
/* End PBXProject section */

/* Begin PBXResourcesBuildPhase section */
		CD56507724209C4700CD61ED /* Resources */ = {
			isa = PBXResourcesBuildPhase;
			buildActionMask = 2147483647;
			files = (
				CD5650D724209D8000CD61ED /* umbagog.jpg in Resources */,
				CD56508924209C4800CD61ED /* LaunchScreen.storyboard in Resources */,
				CD56508624209C4800CD61ED /* Preview Assets.xcassets in Resources */,
				CD5650D324209D8000CD61ED /* icybay.jpg in Resources */,
				CD5650D824209D8000CD61ED /* landmarkData.json in Resources */,
				CD5650D424209D8000CD61ED /* lakemcdonald.jpg in Resources */,
				CD5650DA24209D8000CD61ED /* stmarylake.jpg in Resources */,
				CD56508324209C4800CD61ED /* Assets.xcassets in Resources */,
				CD5650D124209D8000CD61ED /* silversalmoncreek.jpg in Resources */,
				CD5650DB24209D8000CD61ED /* chilkoottrail.jpg in Resources */,
				CD5650CF24209D8000CD61ED /* charleyrivers.jpg in Resources */,
				CD5650D224209D8000CD61ED /* hikeData.json in Resources */,
				CD5650D924209D8000CD61ED /* chincoteague.jpg in Resources */,
				CD5650D524209D8000CD61ED /* hiddenlake.jpg in Resources */,
				CD5650D024209D8000CD61ED /* turtlerock.jpg in Resources */,
				CD5650D624209D8000CD61ED /* twinlake.jpg in Resources */,
				CD5650DC24209D8000CD61ED /* rainbowlake.jpg in Resources */,
			);
			runOnlyForDeploymentPostprocessing = 0;
		};
		CD56508D24209C4800CD61ED /* Resources */ = {
			isa = PBXResourcesBuildPhase;
			buildActionMask = 2147483647;
			files = (
			);
			runOnlyForDeploymentPostprocessing = 0;
		};
/* End PBXResourcesBuildPhase section */

/* Begin PBXSourcesBuildPhase section */
		CD56507524209C4700CD61ED /* Sources */ = {
			isa = PBXSourcesBuildPhase;
			buildActionMask = 2147483647;
			files = (
				CD5650E624209D8000CD61ED /* HexagonParameters.swift in Sources */,
				CD56507D24209C4700CD61ED /* AppDelegate.swift in Sources */,
				CD5650C624209D8000CD61ED /* Profile.swift in Sources */,
				CD5650E824209D9B00CD61ED /* ProfileHost.swift in Sources */,
				CD5650C724209D8000CD61ED /* UserData.swift in Sources */,
				CD5650E524209D8000CD61ED /* Badge.swift in Sources */,
				CD5650CB24209D8000CD61ED /* Home.swift in Sources */,
				CD5650C524209D8000CD61ED /* Data.swift in Sources */,
				CD5650DF24209D8000CD61ED /* RotatedBadgeSymbol.swift in Sources */,
				CD5650DD24209D8000CD61ED /* GraphCapsule.swift in Sources */,
				CD5650E024209D8000CD61ED /* MapView.swift in Sources */,
				CD5650E424209D8000CD61ED /* LandmarkRow.swift in Sources */,
				CD56507F24209C4700CD61ED /* SceneDelegate.swift in Sources */,
				CD5650C924209D8000CD61ED /* Landmark.swift in Sources */,
				CD5650CD24209D8000CD61ED /* HikeView.swift in Sources */,
				CD5650C824209D8000CD61ED /* Hike.swift in Sources */,
				CD5650EC24209F5200CD61ED /* HikeBadge.swift in Sources */,
				CD5650E224209D8000CD61ED /* BadgeSymbol.swift in Sources */,
				CD5650CA24209D8000CD61ED /* LandmarkDetail.swift in Sources */,
				CD5650CE24209D8000CD61ED /* HikeDetail.swift in Sources */,
				CD5650E324209D8000CD61ED /* BadgeBackground.swift in Sources */,
				CD5650E124209D8000CD61ED /* CircleImage.swift in Sources */,
				CD5650DE24209D8000CD61ED /* HikeGraph.swift in Sources */,
				CD5650EA24209E3E00CD61ED /* ProfileSummary.swift in Sources */,
				CD5650CC24209D8000CD61ED /* CategoryRow.swift in Sources */,
				CD5650C424209D8000CD61ED /* LandmarkList.swift in Sources */,
				CD5650EE2420EC2A00CD61ED /* ProfileEditor.swift in Sources */,
			);
			runOnlyForDeploymentPostprocessing = 0;
		};
		CD56508B24209C4800CD61ED /* Sources */ = {
			isa = PBXSourcesBuildPhase;
			buildActionMask = 2147483647;
			files = (
				CD56509424209C4800CD61ED /* SwiftUI_07_Profile_Tests.swift in Sources */,
			);
			runOnlyForDeploymentPostprocessing = 0;
		};
/* End PBXSourcesBuildPhase section */

/* Begin PBXTargetDependency section */
		CD56509124209C4800CD61ED /* PBXTargetDependency */ = {
			isa = PBXTargetDependency;
			target = CD56507824209C4700CD61ED /* SwiftUI-07(Profile) */;
			targetProxy = CD56509024209C4800CD61ED /* PBXContainerItemProxy */;
		};
/* End PBXTargetDependency section */

/* Begin PBXVariantGroup section */
		CD56508724209C4800CD61ED /* LaunchScreen.storyboard */ = {
			isa = PBXVariantGroup;
			children = (
				CD56508824209C4800CD61ED /* Base */,
			);
			name = LaunchScreen.storyboard;
			sourceTree = "<group>";
		};
/* End PBXVariantGroup section */

/* Begin XCBuildConfiguration section */
		CD56509624209C4800CD61ED /* Debug */ = {
			isa = XCBuildConfiguration;
			buildSettings = {
				ALWAYS_SEARCH_USER_PATHS = NO;
				CLANG_ANALYZER_NONNULL = YES;
				CLANG_ANALYZER_NUMBER_OBJECT_CONVERSION = YES_AGGRESSIVE;
				CLANG_CXX_LANGUAGE_STANDARD = "gnu++14";
				CLANG_CXX_LIBRARY = "libc++";
				CLANG_ENABLE_MODULES = YES;
				CLANG_ENABLE_OBJC_ARC = YES;
				CLANG_ENABLE_OBJC_WEAK = YES;
				CLANG_WARN_BLOCK_CAPTURE_AUTORELEASING = YES;
				CLANG_WARN_BOOL_CONVERSION = YES;
				CLANG_WARN_COMMA = YES;
				CLANG_WARN_CONSTANT_CONVERSION = YES;
				CLANG_WARN_DEPRECATED_OBJC_IMPLEMENTATIONS = YES;
				CLANG_WARN_DIRECT_OBJC_ISA_USAGE = YES_ERROR;
				CLANG_WARN_DOCUMENTATION_COMMENTS = YES;
				CLANG_WARN_EMPTY_BODY = YES;
				CLANG_WARN_ENUM_CONVERSION = YES;
				CLANG_WARN_INFINITE_RECURSION = YES;
				CLANG_WARN_INT_CONVERSION = YES;
				CLANG_WARN_NON_LITERAL_NULL_CONVERSION = YES;
				CLANG_WARN_OBJC_IMPLICIT_RETAIN_SELF = YES;
				CLANG_WARN_OBJC_LITERAL_CONVERSION = YES;
				CLANG_WARN_OBJC_ROOT_CLASS = YES_ERROR;
				CLANG_WARN_RANGE_LOOP_ANALYSIS = YES;
				CLANG_WARN_STRICT_PROTOTYPES = YES;
				CLANG_WARN_SUSPICIOUS_MOVE = YES;
				CLANG_WARN_UNGUARDED_AVAILABILITY = YES_AGGRESSIVE;
				CLANG_WARN_UNREACHABLE_CODE = YES;
				CLANG_WARN__DUPLICATE_METHOD_MATCH = YES;
				COPY_PHASE_STRIP = NO;
				DEBUG_INFORMATION_FORMAT = dwarf;
				ENABLE_STRICT_OBJC_MSGSEND = YES;
				ENABLE_TESTABILITY = YES;
				GCC_C_LANGUAGE_STANDARD = gnu11;
				GCC_DYNAMIC_NO_PIC = NO;
				GCC_NO_COMMON_BLOCKS = YES;
				GCC_OPTIMIZATION_LEVEL = 0;
				GCC_PREPROCESSOR_DEFINITIONS = (
					"DEBUG=1",
					"$(inherited)",
				);
				GCC_WARN_64_TO_32_BIT_CONVERSION = YES;
				GCC_WARN_ABOUT_RETURN_TYPE = YES_ERROR;
				GCC_WARN_UNDECLARED_SELECTOR = YES;
				GCC_WARN_UNINITIALIZED_AUTOS = YES_AGGRESSIVE;
				GCC_WARN_UNUSED_FUNCTION = YES;
				GCC_WARN_UNUSED_VARIABLE = YES;
				IPHONEOS_DEPLOYMENT_TARGET = 13.2;
				MTL_ENABLE_DEBUG_INFO = INCLUDE_SOURCE;
				MTL_FAST_MATH = YES;
				ONLY_ACTIVE_ARCH = YES;
				SDKROOT = iphoneos;
				SWIFT_ACTIVE_COMPILATION_CONDITIONS = DEBUG;
				SWIFT_OPTIMIZATION_LEVEL = "-Onone";
			};
			name = Debug;
		};
		CD56509724209C4800CD61ED /* Release */ = {
			isa = XCBuildConfiguration;
			buildSettings = {
				ALWAYS_SEARCH_USER_PATHS = NO;
				CLANG_ANALYZER_NONNULL = YES;
				CLANG_ANALYZER_NUMBER_OBJECT_CONVERSION = YES_AGGRESSIVE;
				CLANG_CXX_LANGUAGE_STANDARD = "gnu++14";
				CLANG_CXX_LIBRARY = "libc++";
				CLANG_ENABLE_MODULES = YES;
				CLANG_ENABLE_OBJC_ARC = YES;
				CLANG_ENABLE_OBJC_WEAK = YES;
				CLANG_WARN_BLOCK_CAPTURE_AUTORELEASING = YES;
				CLANG_WARN_BOOL_CONVERSION = YES;
				CLANG_WARN_COMMA = YES;
				CLANG_WARN_CONSTANT_CONVERSION = YES;
				CLANG_WARN_DEPRECATED_OBJC_IMPLEMENTATIONS = YES;
				CLANG_WARN_DIRECT_OBJC_ISA_USAGE = YES_ERROR;
				CLANG_WARN_DOCUMENTATION_COMMENTS = YES;
				CLANG_WARN_EMPTY_BODY = YES;
				CLANG_WARN_ENUM_CONVERSION = YES;
				CLANG_WARN_INFINITE_RECURSION = YES;
				CLANG_WARN_INT_CONVERSION = YES;
				CLANG_WARN_NON_LITERAL_NULL_CONVERSION = YES;
				CLANG_WARN_OBJC_IMPLICIT_RETAIN_SELF = YES;
				CLANG_WARN_OBJC_LITERAL_CONVERSION = YES;
				CLANG_WARN_OBJC_ROOT_CLASS = YES_ERROR;
				CLANG_WARN_RANGE_LOOP_ANALYSIS = YES;
				CLANG_WARN_STRICT_PROTOTYPES = YES;
				CLANG_WARN_SUSPICIOUS_MOVE = YES;
				CLANG_WARN_UNGUARDED_AVAILABILITY = YES_AGGRESSIVE;
				CLANG_WARN_UNREACHABLE_CODE = YES;
				CLANG_WARN__DUPLICATE_METHOD_MATCH = YES;
				COPY_PHASE_STRIP = NO;
				DEBUG_INFORMATION_FORMAT = "dwarf-with-dsym";
				ENABLE_NS_ASSERTIONS = NO;
				ENABLE_STRICT_OBJC_MSGSEND = YES;
				GCC_C_LANGUAGE_STANDARD = gnu11;
				GCC_NO_COMMON_BLOCKS = YES;
				GCC_WARN_64_TO_32_BIT_CONVERSION = YES;
				GCC_WARN_ABOUT_RETURN_TYPE = YES_ERROR;
				GCC_WARN_UNDECLARED_SELECTOR = YES;
				GCC_WARN_UNINITIALIZED_AUTOS = YES_AGGRESSIVE;
				GCC_WARN_UNUSED_FUNCTION = YES;
				GCC_WARN_UNUSED_VARIABLE = YES;
				IPHONEOS_DEPLOYMENT_TARGET = 13.2;
				MTL_ENABLE_DEBUG_INFO = NO;
				MTL_FAST_MATH = YES;
				SDKROOT = iphoneos;
				SWIFT_COMPILATION_MODE = wholemodule;
				SWIFT_OPTIMIZATION_LEVEL = "-O";
				VALIDATE_PRODUCT = YES;
			};
			name = Release;
		};
		CD56509924209C4800CD61ED /* Debug */ = {
			isa = XCBuildConfiguration;
			buildSettings = {
				ASSETCATALOG_COMPILER_APPICON_NAME = AppIcon;
				CODE_SIGN_STYLE = Automatic;
				DEVELOPMENT_ASSET_PATHS = "\"SwiftUI-07(Profile)/Preview Content\"";
				DEVELOPMENT_TEAM = LZ5TGFY9AN;
				ENABLE_PREVIEWS = YES;
				INFOPLIST_FILE = "SwiftUI-07(Profile)/Info.plist";
				LD_RUNPATH_SEARCH_PATHS = (
					"$(inherited)",
					"@executable_path/Frameworks",
				);
				PRODUCT_BUNDLE_IDENTIFIER = "pq.SwiftUI-07-Profile-";
				PRODUCT_NAME = "$(TARGET_NAME)";
				SWIFT_VERSION = 5.0;
				TARGETED_DEVICE_FAMILY = "1,2";
			};
			name = Debug;
		};
		CD56509A24209C4800CD61ED /* Release */ = {
			isa = XCBuildConfiguration;
			buildSettings = {
				ASSETCATALOG_COMPILER_APPICON_NAME = AppIcon;
				CODE_SIGN_STYLE = Automatic;
				DEVELOPMENT_ASSET_PATHS = "\"SwiftUI-07(Profile)/Preview Content\"";
				DEVELOPMENT_TEAM = LZ5TGFY9AN;
				ENABLE_PREVIEWS = YES;
				INFOPLIST_FILE = "SwiftUI-07(Profile)/Info.plist";
				LD_RUNPATH_SEARCH_PATHS = (
					"$(inherited)",
					"@executable_path/Frameworks",
				);
				PRODUCT_BUNDLE_IDENTIFIER = "pq.SwiftUI-07-Profile-";
				PRODUCT_NAME = "$(TARGET_NAME)";
				SWIFT_VERSION = 5.0;
				TARGETED_DEVICE_FAMILY = "1,2";
			};
			name = Release;
		};
		CD56509C24209C4800CD61ED /* Debug */ = {
			isa = XCBuildConfiguration;
			buildSettings = {
				ALWAYS_EMBED_SWIFT_STANDARD_LIBRARIES = YES;
				BUNDLE_LOADER = "$(TEST_HOST)";
				CODE_SIGN_STYLE = Automatic;
				DEVELOPMENT_TEAM = LZ5TGFY9AN;
				INFOPLIST_FILE = "SwiftUI-07(Profile)Tests/Info.plist";
				IPHONEOS_DEPLOYMENT_TARGET = 13.2;
				LD_RUNPATH_SEARCH_PATHS = (
					"$(inherited)",
					"@executable_path/Frameworks",
					"@loader_path/Frameworks",
				);
				PRODUCT_BUNDLE_IDENTIFIER = "pq.SwiftUI-07-Profile-Tests";
				PRODUCT_NAME = "$(TARGET_NAME)";
				SWIFT_VERSION = 5.0;
				TARGETED_DEVICE_FAMILY = "1,2";
				TEST_HOST = "$(BUILT_PRODUCTS_DIR)/SwiftUI-07(Profile).app/SwiftUI-07(Profile)";
			};
			name = Debug;
		};
		CD56509D24209C4800CD61ED /* Release */ = {
			isa = XCBuildConfiguration;
			buildSettings = {
				ALWAYS_EMBED_SWIFT_STANDARD_LIBRARIES = YES;
				BUNDLE_LOADER = "$(TEST_HOST)";
				CODE_SIGN_STYLE = Automatic;
				DEVELOPMENT_TEAM = LZ5TGFY9AN;
				INFOPLIST_FILE = "SwiftUI-07(Profile)Tests/Info.plist";
				IPHONEOS_DEPLOYMENT_TARGET = 13.2;
				LD_RUNPATH_SEARCH_PATHS = (
					"$(inherited)",
					"@executable_path/Frameworks",
					"@loader_path/Frameworks",
				);
				PRODUCT_BUNDLE_IDENTIFIER = "pq.SwiftUI-07-Profile-Tests";
				PRODUCT_NAME = "$(TARGET_NAME)";
				SWIFT_VERSION = 5.0;
				TARGETED_DEVICE_FAMILY = "1,2";
				TEST_HOST = "$(BUILT_PRODUCTS_DIR)/SwiftUI-07(Profile).app/SwiftUI-07(Profile)";
			};
			name = Release;
		};
/* End XCBuildConfiguration section */

/* Begin XCConfigurationList section */
		CD56507424209C4700CD61ED /* Build configuration list for PBXProject "SwiftUI-07(Profile)" */ = {
			isa = XCConfigurationList;
			buildConfigurations = (
				CD56509624209C4800CD61ED /* Debug */,
				CD56509724209C4800CD61ED /* Release */,
			);
			defaultConfigurationIsVisible = 0;
			defaultConfigurationName = Release;
		};
		CD56509824209C4800CD61ED /* Build configuration list for PBXNativeTarget "SwiftUI-07(Profile)" */ = {
			isa = XCConfigurationList;
			buildConfigurations = (
				CD56509924209C4800CD61ED /* Debug */,
				CD56509A24209C4800CD61ED /* Release */,
			);
			defaultConfigurationIsVisible = 0;
			defaultConfigurationName = Release;
		};
		CD56509B24209C4800CD61ED /* Build configuration list for PBXNativeTarget "SwiftUI-07(Profile)Tests" */ = {
			isa = XCConfigurationList;
			buildConfigurations = (
				CD56509C24209C4800CD61ED /* Debug */,
				CD56509D24209C4800CD61ED /* Release */,
			);
			defaultConfigurationIsVisible = 0;
			defaultConfigurationName = Release;
		};
/* End XCConfigurationList section */
	};
	rootObject = CD56507124209C4700CD61ED /* Project object */;
}
